// !$*UTF8*$!
{
	archiveVersion = 1;
	classes = {
	};
	objectVersion = 50;
	objects = {

/* Begin PBXBuildFile section */
		5404A259215C0BDB00DC10BB /* Point.swift in Sources */ = {isa = PBXBuildFile; fileRef = 5404A258215C0BDB00DC10BB /* Point.swift */; };
		540F946A216F271500CF8A9D /* Corner.swift in Sources */ = {isa = PBXBuildFile; fileRef = 540F9469216F271500CF8A9D /* Corner.swift */; };
		540F9470216F6A1B00CF8A9D /* PinHandler.swift in Sources */ = {isa = PBXBuildFile; fileRef = 540F946F216F6A1B00CF8A9D /* PinHandler.swift */; };
		540F9474216F888900CF8A9D /* CornerTest.swift in Sources */ = {isa = PBXBuildFile; fileRef = 540F9473216F888900CF8A9D /* CornerTest.swift */; };
		5411749F216764C000399820 /* Range.swift in Sources */ = {isa = PBXBuildFile; fileRef = 5411749E216764C000399820 /* Range.swift */; };
		541174A121676E9C00399820 /* PinPathBuilder.swift in Sources */ = {isa = PBXBuildFile; fileRef = 541174A021676E9C00399820 /* PinPathBuilder.swift */; };
		5412993D2170AD39001F0F0A /* PinsCleanDoublesTest.swift in Sources */ = {isa = PBXBuildFile; fileRef = 5412993C2170AD39001F0F0A /* PinsCleanDoublesTest.swift */; };
		5412993F2170C1F0001F0F0A /* PathMileStone.swift in Sources */ = {isa = PBXBuildFile; fileRef = 5412993E2170C1F0001F0F0A /* PathMileStone.swift */; };
		54191FEC2157E15700E99295 /* AdjacencyMatrixTest.swift in Sources */ = {isa = PBXBuildFile; fileRef = 54191FEB2157E15700E99295 /* AdjacencyMatrixTest.swift */; };
		54191FEE2157E2C100E99295 /* SortedNumbers.swift in Sources */ = {isa = PBXBuildFile; fileRef = 54191FED2157E2C100E99295 /* SortedNumbers.swift */; };
		541E50D421B5564F00076427 /* Breaker.swift in Sources */ = {isa = PBXBuildFile; fileRef = 541E50D321B5564F00076427 /* Breaker.swift */; };
		541E50D621B5677100076427 /* TriangulatorTest.swift in Sources */ = {isa = PBXBuildFile; fileRef = 541E50D521B5677100076427 /* TriangulatorTest.swift */; };
		5430C8E021621F4100DE1441 /* IndexPoint.swift in Sources */ = {isa = PBXBuildFile; fileRef = 5430C8DF21621F4100DE1441 /* IndexPoint.swift */; };
		54336B842184D59300D53311 /* PinEdge.swift in Sources */ = {isa = PBXBuildFile; fileRef = 54336B832184D59300D53311 /* PinEdge.swift */; };
		54445FF021921C570087A228 /* Subtractor.swift in Sources */ = {isa = PBXBuildFile; fileRef = 54445FEF21921C570087A228 /* Subtractor.swift */; };
		54445FF22192224C0087A228 /* PointConverter.swift in Sources */ = {isa = PBXBuildFile; fileRef = 54445FF12192224C0087A228 /* PointConverter.swift */; };
		5457CF1C216142AC0056728C /* PinPath.swift in Sources */ = {isa = PBXBuildFile; fileRef = 5457CF1B216142AC0056728C /* PinPath.swift */; };
		545A2D2421550E8700047C8D /* Cheese2d.h in Headers */ = {isa = PBXBuildFile; fileRef = 545A2D2321550E8700047C8D /* Cheese2d.h */; };
		545A2D2621550E8700047C8D /* Cheese2d.m in Sources */ = {isa = PBXBuildFile; fileRef = 545A2D2521550E8700047C8D /* Cheese2d.m */; };
		545A2D3C21550F8200047C8D /* Intersector.swift in Sources */ = {isa = PBXBuildFile; fileRef = 545A2D3321550F8200047C8D /* Intersector.swift */; };
		545A2D3E21550F8200047C8D /* AdjacencyMatrix.swift in Sources */ = {isa = PBXBuildFile; fileRef = 545A2D3621550F8200047C8D /* AdjacencyMatrix.swift */; };
		545A2D3F21550F8200047C8D /* BoxArea.swift in Sources */ = {isa = PBXBuildFile; fileRef = 545A2D3721550F8200047C8D /* BoxArea.swift */; };
		545A2D4921550F9000047C8D /* libCheese2d.dylib in Frameworks */ = {isa = PBXBuildFile; fileRef = 545A2D2021550E8700047C8D /* libCheese2d.dylib */; };
		545A2D502155142600047C8D /* SortedNumbersTest.swift in Sources */ = {isa = PBXBuildFile; fileRef = 545A2D4F2155142600047C8D /* SortedNumbersTest.swift */; };
		5470E5B82163FB0600AC2577 /* PinPathTest.swift in Sources */ = {isa = PBXBuildFile; fileRef = 5470E5B72163FB0600AC2577 /* PinPathTest.swift */; };
		547BC90F216A878700A64EB0 /* PinPoint.swift in Sources */ = {isa = PBXBuildFile; fileRef = 547BC90E216A878700A64EB0 /* PinPoint.swift */; };
		549B9E782194B7A800B88899 /* Solution.swift in Sources */ = {isa = PBXBuildFile; fileRef = 549B9E772194B7A800B88899 /* Solution.swift */; };
		54A7C3E3219D5CDB005C9283 /* SubtractTest.swift in Sources */ = {isa = PBXBuildFile; fileRef = 54A7C3E2219D5CDB005C9283 /* SubtractTest.swift */; };
		54AD2E7221B313EA0049B49F /* Polygon.swift in Sources */ = {isa = PBXBuildFile; fileRef = 54AD2E7121B313EA0049B49F /* Polygon.swift */; };
		54AD2E7421B314770049B49F /* FloatPolygon.swift in Sources */ = {isa = PBXBuildFile; fileRef = 54AD2E7321B314770049B49F /* FloatPolygon.swift */; };
		54B285C22198B570009027DD /* FloatSolution.swift in Sources */ = {isa = PBXBuildFile; fileRef = 54B285C12198B570009027DD /* FloatSolution.swift */; };
		54B285C42198B995009027DD /* Disposition.swift in Sources */ = {isa = PBXBuildFile; fileRef = 54B285C32198B995009027DD /* Disposition.swift */; };
		54BB545D2171D13500B61F3C /* PinSequence.swift in Sources */ = {isa = PBXBuildFile; fileRef = 54BB545C2171D13500B61F3C /* PinSequence.swift */; };
		54DB8C8121B67F2B00A3E4A0 /* CombineTestData.swift in Sources */ = {isa = PBXBuildFile; fileRef = 54EDFC2621B068E700647B6C /* CombineTestData.swift */; };
		54DB8C8221B67F5B00A3E4A0 /* SubtractTestData.swift in Sources */ = {isa = PBXBuildFile; fileRef = 54BB025821A466BC00AD7F2F /* SubtractTestData.swift */; };
		54DB8C8821B6803500A3E4A0 /* BreakTestData.swift in Sources */ = {isa = PBXBuildFile; fileRef = 54DB8C8721B6803500A3E4A0 /* BreakTestData.swift */; };
		54DB8C8B21B682EE00A3E4A0 /* Point+Array.swift in Sources */ = {isa = PBXBuildFile; fileRef = 54AD2E7521B3CAF10049B49F /* Point+Array.swift */; };
		54DB8C8D21B6832B00A3E4A0 /* PinPath+Extension.swift in Sources */ = {isa = PBXBuildFile; fileRef = 54B460DE21AE983D0008110F /* PinPath+Extension.swift */; };
		54DB8C8E21B6836800A3E4A0 /* BreakTestData.swift in Sources */ = {isa = PBXBuildFile; fileRef = 54DB8C8721B6803500A3E4A0 /* BreakTestData.swift */; };
		54DB8C8F21B6836B00A3E4A0 /* CombineTestData.swift in Sources */ = {isa = PBXBuildFile; fileRef = 54EDFC2621B068E700647B6C /* CombineTestData.swift */; };
		54DB8C9021B6836E00A3E4A0 /* SubtractTestData.swift in Sources */ = {isa = PBXBuildFile; fileRef = 54BB025821A466BC00AD7F2F /* SubtractTestData.swift */; };
		54DB8C9121B6838B00A3E4A0 /* PinPath+Extension.swift in Sources */ = {isa = PBXBuildFile; fileRef = 54B460DE21AE983D0008110F /* PinPath+Extension.swift */; };
		54DB8C9421B6891500A3E4A0 /* PolygonMap.swift in Sources */ = {isa = PBXBuildFile; fileRef = 54DB8C9321B6891500A3E4A0 /* PolygonMap.swift */; };
		54DB8C9921B6C06000A3E4A0 /* Triangle.swift in Sources */ = {isa = PBXBuildFile; fileRef = 54DB8C9821B6C06000A3E4A0 /* Triangle.swift */; };
		54EDFC2921B0728D00647B6C /* Combiner.swift in Sources */ = {isa = PBXBuildFile; fileRef = 54EDFC2821B0728D00647B6C /* Combiner.swift */; };
		54F2C546217777FC001F4857 /* PinNavigator.swift in Sources */ = {isa = PBXBuildFile; fileRef = 54F2C545217777FC001F4857 /* PinNavigator.swift */; };
		54F2C5482177790A001F4857 /* PinNode.swift in Sources */ = {isa = PBXBuildFile; fileRef = 54F2C5472177790A001F4857 /* PinNode.swift */; };
		54F2C54B21777C35001F4857 /* IndexMileStone.swift in Sources */ = {isa = PBXBuildFile; fileRef = 54F2C54A21777C35001F4857 /* IndexMileStone.swift */; };
/* End PBXBuildFile section */

/* Begin PBXContainerItemProxy section */
		545A2D4A21550F9000047C8D /* PBXContainerItemProxy */ = {
			isa = PBXContainerItemProxy;
			containerPortal = 545A2D1821550E8700047C8D /* Project object */;
			proxyType = 1;
			remoteGlobalIDString = 545A2D1F21550E8700047C8D;
			remoteInfo = Cheese2d;
		};
/* End PBXContainerItemProxy section */

/* Begin PBXFileReference section */
		5404A258215C0BDB00DC10BB /* Point.swift */ = {isa = PBXFileReference; lastKnownFileType = sourcecode.swift; path = Point.swift; sourceTree = "<group>"; };
		540F9469216F271500CF8A9D /* Corner.swift */ = {isa = PBXFileReference; lastKnownFileType = sourcecode.swift; path = Corner.swift; sourceTree = "<group>"; };
		540F946F216F6A1B00CF8A9D /* PinHandler.swift */ = {isa = PBXFileReference; lastKnownFileType = sourcecode.swift; path = PinHandler.swift; sourceTree = "<group>"; };
		540F9473216F888900CF8A9D /* CornerTest.swift */ = {isa = PBXFileReference; fileEncoding = 4; lastKnownFileType = sourcecode.swift; path = CornerTest.swift; sourceTree = "<group>"; };
		5411749E216764C000399820 /* Range.swift */ = {isa = PBXFileReference; lastKnownFileType = sourcecode.swift; path = Range.swift; sourceTree = "<group>"; };
		541174A021676E9C00399820 /* PinPathBuilder.swift */ = {isa = PBXFileReference; lastKnownFileType = sourcecode.swift; path = PinPathBuilder.swift; sourceTree = "<group>"; };
		5412993C2170AD39001F0F0A /* PinsCleanDoublesTest.swift */ = {isa = PBXFileReference; lastKnownFileType = sourcecode.swift; path = PinsCleanDoublesTest.swift; sourceTree = "<group>"; };
		5412993E2170C1F0001F0F0A /* PathMileStone.swift */ = {isa = PBXFileReference; lastKnownFileType = sourcecode.swift; path = PathMileStone.swift; sourceTree = "<group>"; };
		54191FEB2157E15700E99295 /* AdjacencyMatrixTest.swift */ = {isa = PBXFileReference; lastKnownFileType = sourcecode.swift; path = AdjacencyMatrixTest.swift; sourceTree = "<group>"; };
		54191FED2157E2C100E99295 /* SortedNumbers.swift */ = {isa = PBXFileReference; fileEncoding = 4; lastKnownFileType = sourcecode.swift; path = SortedNumbers.swift; sourceTree = "<group>"; };
		541E50D321B5564F00076427 /* Breaker.swift */ = {isa = PBXFileReference; lastKnownFileType = sourcecode.swift; path = Breaker.swift; sourceTree = "<group>"; };
		541E50D521B5677100076427 /* TriangulatorTest.swift */ = {isa = PBXFileReference; lastKnownFileType = sourcecode.swift; path = TriangulatorTest.swift; sourceTree = "<group>"; };
		5430C8DF21621F4100DE1441 /* IndexPoint.swift */ = {isa = PBXFileReference; lastKnownFileType = sourcecode.swift; path = IndexPoint.swift; sourceTree = "<group>"; };
		54336B832184D59300D53311 /* PinEdge.swift */ = {isa = PBXFileReference; lastKnownFileType = sourcecode.swift; path = PinEdge.swift; sourceTree = "<group>"; };
		54445FEF21921C570087A228 /* Subtractor.swift */ = {isa = PBXFileReference; lastKnownFileType = sourcecode.swift; path = Subtractor.swift; sourceTree = "<group>"; };
		54445FF12192224C0087A228 /* PointConverter.swift */ = {isa = PBXFileReference; lastKnownFileType = sourcecode.swift; path = PointConverter.swift; sourceTree = "<group>"; };
		5457CF1B216142AC0056728C /* PinPath.swift */ = {isa = PBXFileReference; lastKnownFileType = sourcecode.swift; path = PinPath.swift; sourceTree = "<group>"; };
		545A2D2021550E8700047C8D /* libCheese2d.dylib */ = {isa = PBXFileReference; explicitFileType = "compiled.mach-o.dylib"; includeInIndex = 0; path = libCheese2d.dylib; sourceTree = BUILT_PRODUCTS_DIR; };
		545A2D2321550E8700047C8D /* Cheese2d.h */ = {isa = PBXFileReference; lastKnownFileType = sourcecode.c.h; path = Cheese2d.h; sourceTree = "<group>"; };
		545A2D2521550E8700047C8D /* Cheese2d.m */ = {isa = PBXFileReference; lastKnownFileType = sourcecode.c.objc; path = Cheese2d.m; sourceTree = "<group>"; };
		545A2D3321550F8200047C8D /* Intersector.swift */ = {isa = PBXFileReference; fileEncoding = 4; lastKnownFileType = sourcecode.swift; path = Intersector.swift; sourceTree = "<group>"; };
		545A2D3621550F8200047C8D /* AdjacencyMatrix.swift */ = {isa = PBXFileReference; fileEncoding = 4; lastKnownFileType = sourcecode.swift; path = AdjacencyMatrix.swift; sourceTree = "<group>"; };
		545A2D3721550F8200047C8D /* BoxArea.swift */ = {isa = PBXFileReference; fileEncoding = 4; lastKnownFileType = sourcecode.swift; path = BoxArea.swift; sourceTree = "<group>"; };
		545A2D4421550F8F00047C8D /* Tests.xctest */ = {isa = PBXFileReference; explicitFileType = wrapper.cfbundle; includeInIndex = 0; path = Tests.xctest; sourceTree = BUILT_PRODUCTS_DIR; };
		545A2D4821550F9000047C8D /* Info.plist */ = {isa = PBXFileReference; lastKnownFileType = text.plist.xml; path = Info.plist; sourceTree = "<group>"; };
		545A2D4F2155142600047C8D /* SortedNumbersTest.swift */ = {isa = PBXFileReference; fileEncoding = 4; lastKnownFileType = sourcecode.swift; path = SortedNumbersTest.swift; sourceTree = "<group>"; };
		5470E5B72163FB0600AC2577 /* PinPathTest.swift */ = {isa = PBXFileReference; lastKnownFileType = sourcecode.swift; path = PinPathTest.swift; sourceTree = "<group>"; };
		547BC90E216A878700A64EB0 /* PinPoint.swift */ = {isa = PBXFileReference; lastKnownFileType = sourcecode.swift; path = PinPoint.swift; sourceTree = "<group>"; };
		549B9E772194B7A800B88899 /* Solution.swift */ = {isa = PBXFileReference; lastKnownFileType = sourcecode.swift; path = Solution.swift; sourceTree = "<group>"; };
		54A7C3E2219D5CDB005C9283 /* SubtractTest.swift */ = {isa = PBXFileReference; lastKnownFileType = sourcecode.swift; path = SubtractTest.swift; sourceTree = "<group>"; };
		54AD2E7121B313EA0049B49F /* Polygon.swift */ = {isa = PBXFileReference; lastKnownFileType = sourcecode.swift; path = Polygon.swift; sourceTree = "<group>"; };
		54AD2E7321B314770049B49F /* FloatPolygon.swift */ = {isa = PBXFileReference; lastKnownFileType = sourcecode.swift; path = FloatPolygon.swift; sourceTree = "<group>"; };
		54AD2E7521B3CAF10049B49F /* Point+Array.swift */ = {isa = PBXFileReference; lastKnownFileType = sourcecode.swift; path = "Point+Array.swift"; sourceTree = "<group>"; };
		54B285C12198B570009027DD /* FloatSolution.swift */ = {isa = PBXFileReference; lastKnownFileType = sourcecode.swift; path = FloatSolution.swift; sourceTree = "<group>"; };
		54B285C32198B995009027DD /* Disposition.swift */ = {isa = PBXFileReference; lastKnownFileType = sourcecode.swift; path = Disposition.swift; sourceTree = "<group>"; };
		54B460DE21AE983D0008110F /* PinPath+Extension.swift */ = {isa = PBXFileReference; lastKnownFileType = sourcecode.swift; path = "PinPath+Extension.swift"; sourceTree = "<group>"; };
		54BB025821A466BC00AD7F2F /* SubtractTestData.swift */ = {isa = PBXFileReference; lastKnownFileType = sourcecode.swift; path = SubtractTestData.swift; sourceTree = "<group>"; };
		54BB545C2171D13500B61F3C /* PinSequence.swift */ = {isa = PBXFileReference; fileEncoding = 4; lastKnownFileType = sourcecode.swift; path = PinSequence.swift; sourceTree = "<group>"; };
		54DB8C8721B6803500A3E4A0 /* BreakTestData.swift */ = {isa = PBXFileReference; lastKnownFileType = sourcecode.swift; path = BreakTestData.swift; sourceTree = "<group>"; };
		54DB8C9321B6891500A3E4A0 /* PolygonMap.swift */ = {isa = PBXFileReference; lastKnownFileType = sourcecode.swift; path = PolygonMap.swift; sourceTree = "<group>"; };
		54DB8C9821B6C06000A3E4A0 /* Triangle.swift */ = {isa = PBXFileReference; lastKnownFileType = sourcecode.swift; path = Triangle.swift; sourceTree = "<group>"; };
		54EDFC2621B068E700647B6C /* CombineTestData.swift */ = {isa = PBXFileReference; lastKnownFileType = sourcecode.swift; path = CombineTestData.swift; sourceTree = "<group>"; };
		54EDFC2821B0728D00647B6C /* Combiner.swift */ = {isa = PBXFileReference; lastKnownFileType = sourcecode.swift; path = Combiner.swift; sourceTree = "<group>"; };
		54F2C545217777FC001F4857 /* PinNavigator.swift */ = {isa = PBXFileReference; lastKnownFileType = sourcecode.swift; path = PinNavigator.swift; sourceTree = "<group>"; };
		54F2C5472177790A001F4857 /* PinNode.swift */ = {isa = PBXFileReference; lastKnownFileType = sourcecode.swift; path = PinNode.swift; sourceTree = "<group>"; };
		54F2C54A21777C35001F4857 /* IndexMileStone.swift */ = {isa = PBXFileReference; lastKnownFileType = sourcecode.swift; path = IndexMileStone.swift; sourceTree = "<group>"; };
/* End PBXFileReference section */

/* Begin PBXFrameworksBuildPhase section */
		545A2D1D21550E8700047C8D /* Frameworks */ = {
			isa = PBXFrameworksBuildPhase;
			buildActionMask = 2147483647;
			files = (
			);
			runOnlyForDeploymentPostprocessing = 0;
		};
		545A2D4121550F8F00047C8D /* Frameworks */ = {
			isa = PBXFrameworksBuildPhase;
			buildActionMask = 2147483647;
			files = (
				545A2D4921550F9000047C8D /* libCheese2d.dylib in Frameworks */,
			);
			runOnlyForDeploymentPostprocessing = 0;
		};
/* End PBXFrameworksBuildPhase section */

/* Begin PBXGroup section */
		541E50D221B5562600076427 /* Triangulation */ = {
			isa = PBXGroup;
			children = (
				541E50D321B5564F00076427 /* Breaker.swift */,
				54DB8C9821B6C06000A3E4A0 /* Triangle.swift */,
			);
			path = Triangulation;
			sourceTree = "<group>";
		};
		54445FEE21921C400087A228 /* Solver */ = {
			isa = PBXGroup;
			children = (
				54445FEF21921C570087A228 /* Subtractor.swift */,
				54EDFC2821B0728D00647B6C /* Combiner.swift */,
				549B9E772194B7A800B88899 /* Solution.swift */,
				54B285C12198B570009027DD /* FloatSolution.swift */,
				54B285C32198B995009027DD /* Disposition.swift */,
				54AD2E7121B313EA0049B49F /* Polygon.swift */,
				54AD2E7321B314770049B49F /* FloatPolygon.swift */,
			);
			path = Solver;
			sourceTree = "<group>";
		};
		5457CF18216141490056728C /* Primitives */ = {
			isa = PBXGroup;
			children = (
				5404A258215C0BDB00DC10BB /* Point.swift */,
				54336B832184D59300D53311 /* PinEdge.swift */,
				5457CF1B216142AC0056728C /* PinPath.swift */,
				547BC90E216A878700A64EB0 /* PinPoint.swift */,
				5430C8DF21621F4100DE1441 /* IndexPoint.swift */,
				5412993E2170C1F0001F0F0A /* PathMileStone.swift */,
			);
			path = Primitives;
			sourceTree = "<group>";
		};
		545A2D1721550E8700047C8D = {
			isa = PBXGroup;
			children = (
				545A2D2221550E8700047C8D /* Cheese2d */,
				545A2D4521550F9000047C8D /* Tests */,
				545A2D2121550E8700047C8D /* Products */,
			);
			sourceTree = "<group>";
		};
		545A2D2121550E8700047C8D /* Products */ = {
			isa = PBXGroup;
			children = (
				545A2D2021550E8700047C8D /* libCheese2d.dylib */,
				545A2D4421550F8F00047C8D /* Tests.xctest */,
			);
			name = Products;
			sourceTree = "<group>";
		};
		545A2D2221550E8700047C8D /* Cheese2d */ = {
			isa = PBXGroup;
			children = (
				545A2D2C21550F8200047C8D /* Code */,
				545A2D2321550E8700047C8D /* Cheese2d.h */,
				545A2D2521550E8700047C8D /* Cheese2d.m */,
			);
			path = Cheese2d;
			sourceTree = "<group>";
		};
		545A2D2C21550F8200047C8D /* Code */ = {
			isa = PBXGroup;
			children = (
				54DB8C9221B6890400A3E4A0 /* Polygon */,
				54DB8C8A21B682E500A3E4A0 /* Extension */,
				541E50D221B5562600076427 /* Triangulation */,
				54445FEE21921C400087A228 /* Solver */,
				545A2D3221550F8200047C8D /* Intersection */,
				545A2D3421550F8200047C8D /* Support */,
			);
			path = Code;
			sourceTree = "<group>";
		};
		545A2D3221550F8200047C8D /* Intersection */ = {
			isa = PBXGroup;
			children = (
				54F2C54921777B63001F4857 /* Sequence */,
				54F2C544217777DD001F4857 /* Navigation */,
				5457CF18216141490056728C /* Primitives */,
				545A2D3321550F8200047C8D /* Intersector.swift */,
				541174A021676E9C00399820 /* PinPathBuilder.swift */,
			);
			path = Intersection;
			sourceTree = "<group>";
		};
		545A2D3421550F8200047C8D /* Support */ = {
			isa = PBXGroup;
			children = (
				545A2D3621550F8200047C8D /* AdjacencyMatrix.swift */,
				545A2D3721550F8200047C8D /* BoxArea.swift */,
				540F9469216F271500CF8A9D /* Corner.swift */,
				54445FF12192224C0087A228 /* PointConverter.swift */,
				5411749E216764C000399820 /* Range.swift */,
				54191FED2157E2C100E99295 /* SortedNumbers.swift */,
			);
			path = Support;
			sourceTree = "<group>";
		};
		545A2D4521550F9000047C8D /* Tests */ = {
			isa = PBXGroup;
			children = (
				54BB025B21A46BE400AD7F2F /* Data */,
				54191FEB2157E15700E99295 /* AdjacencyMatrixTest.swift */,
				540F9473216F888900CF8A9D /* CornerTest.swift */,
				5470E5B72163FB0600AC2577 /* PinPathTest.swift */,
				5412993C2170AD39001F0F0A /* PinsCleanDoublesTest.swift */,
				545A2D4F2155142600047C8D /* SortedNumbersTest.swift */,
				54A7C3E2219D5CDB005C9283 /* SubtractTest.swift */,
				545A2D4821550F9000047C8D /* Info.plist */,
				541E50D521B5677100076427 /* TriangulatorTest.swift */,
			);
			path = Tests;
			sourceTree = "<group>";
		};
		54B460DD21AE98240008110F /* Extension */ = {
			isa = PBXGroup;
			children = (
				54B460DE21AE983D0008110F /* PinPath+Extension.swift */,
			);
			path = Extension;
			sourceTree = "<group>";
		};
		54BB025B21A46BE400AD7F2F /* Data */ = {
			isa = PBXGroup;
			children = (
				54B460DD21AE98240008110F /* Extension */,
				54BB025821A466BC00AD7F2F /* SubtractTestData.swift */,
				54EDFC2621B068E700647B6C /* CombineTestData.swift */,
				54DB8C8721B6803500A3E4A0 /* BreakTestData.swift */,
			);
			path = Data;
			sourceTree = "<group>";
		};
		54DB8C8A21B682E500A3E4A0 /* Extension */ = {
			isa = PBXGroup;
			children = (
				54AD2E7521B3CAF10049B49F /* Point+Array.swift */,
			);
			path = Extension;
			sourceTree = "<group>";
		};
		54DB8C9221B6890400A3E4A0 /* Polygon */ = {
			isa = PBXGroup;
			children = (
				54DB8C9321B6891500A3E4A0 /* PolygonMap.swift */,
			);
			path = Polygon;
			sourceTree = "<group>";
		};
		54F2C544217777DD001F4857 /* Navigation */ = {
			isa = PBXGroup;
			children = (
				54F2C545217777FC001F4857 /* PinNavigator.swift */,
				54F2C5472177790A001F4857 /* PinNode.swift */,
			);
			path = Navigation;
			sourceTree = "<group>";
		};
		54F2C54921777B63001F4857 /* Sequence */ = {
			isa = PBXGroup;
			children = (
				54BB545C2171D13500B61F3C /* PinSequence.swift */,
				540F946F216F6A1B00CF8A9D /* PinHandler.swift */,
				54F2C54A21777C35001F4857 /* IndexMileStone.swift */,
			);
			path = Sequence;
			sourceTree = "<group>";
		};
/* End PBXGroup section */

/* Begin PBXHeadersBuildPhase section */
		545A2D1E21550E8700047C8D /* Headers */ = {
			isa = PBXHeadersBuildPhase;
			buildActionMask = 2147483647;
			files = (
				545A2D2421550E8700047C8D /* Cheese2d.h in Headers */,
			);
			runOnlyForDeploymentPostprocessing = 0;
		};
/* End PBXHeadersBuildPhase section */

/* Begin PBXNativeTarget section */
		545A2D1F21550E8700047C8D /* Cheese2d */ = {
			isa = PBXNativeTarget;
			buildConfigurationList = 545A2D2921550E8700047C8D /* Build configuration list for PBXNativeTarget "Cheese2d" */;
			buildPhases = (
				545A2D1C21550E8700047C8D /* Sources */,
				545A2D1D21550E8700047C8D /* Frameworks */,
				545A2D1E21550E8700047C8D /* Headers */,
			);
			buildRules = (
			);
			dependencies = (
			);
			name = Cheese2d;
			productName = Cheese2d;
			productReference = 545A2D2021550E8700047C8D /* libCheese2d.dylib */;
			productType = "com.apple.product-type.library.dynamic";
		};
		545A2D4321550F8F00047C8D /* Tests */ = {
			isa = PBXNativeTarget;
			buildConfigurationList = 545A2D4C21550F9000047C8D /* Build configuration list for PBXNativeTarget "Tests" */;
			buildPhases = (
				545A2D4021550F8F00047C8D /* Sources */,
				545A2D4121550F8F00047C8D /* Frameworks */,
				545A2D4221550F8F00047C8D /* Resources */,
			);
			buildRules = (
			);
			dependencies = (
				545A2D4B21550F9000047C8D /* PBXTargetDependency */,
			);
			name = Tests;
			productName = Tests;
			productReference = 545A2D4421550F8F00047C8D /* Tests.xctest */;
			productType = "com.apple.product-type.bundle.unit-test";
		};
/* End PBXNativeTarget section */

/* Begin PBXProject section */
		545A2D1821550E8700047C8D /* Project object */ = {
			isa = PBXProject;
			attributes = {
				LastSwiftUpdateCheck = 0940;
				LastUpgradeCheck = 1010;
				ORGANIZATIONNAME = "Nail Sharipov";
				TargetAttributes = {
					545A2D1F21550E8700047C8D = {
						CreatedOnToolsVersion = 9.4.1;
						LastSwiftMigration = 1000;
					};
					545A2D4321550F8F00047C8D = {
						CreatedOnToolsVersion = 9.4.1;
						LastSwiftMigration = 1000;
					};
				};
			};
			buildConfigurationList = 545A2D1B21550E8700047C8D /* Build configuration list for PBXProject "Cheese2d" */;
			compatibilityVersion = "Xcode 9.3";
			developmentRegion = en;
			hasScannedForEncodings = 0;
			knownRegions = (
				en,
			);
			mainGroup = 545A2D1721550E8700047C8D;
			productRefGroup = 545A2D2121550E8700047C8D /* Products */;
			projectDirPath = "";
			projectRoot = "";
			targets = (
				545A2D1F21550E8700047C8D /* Cheese2d */,
				545A2D4321550F8F00047C8D /* Tests */,
			);
		};
/* End PBXProject section */

/* Begin PBXResourcesBuildPhase section */
		545A2D4221550F8F00047C8D /* Resources */ = {
			isa = PBXResourcesBuildPhase;
			buildActionMask = 2147483647;
			files = (
			);
			runOnlyForDeploymentPostprocessing = 0;
		};
/* End PBXResourcesBuildPhase section */

/* Begin PBXSourcesBuildPhase section */
		545A2D1C21550E8700047C8D /* Sources */ = {
			isa = PBXSourcesBuildPhase;
			buildActionMask = 2147483647;
			files = (
				549B9E782194B7A800B88899 /* Solution.swift in Sources */,
				54DB8C8B21B682EE00A3E4A0 /* Point+Array.swift in Sources */,
				54F2C54B21777C35001F4857 /* IndexMileStone.swift in Sources */,
				54445FF021921C570087A228 /* Subtractor.swift in Sources */,
				54336B842184D59300D53311 /* PinEdge.swift in Sources */,
				54F2C5482177790A001F4857 /* PinNode.swift in Sources */,
				5430C8E021621F4100DE1441 /* IndexPoint.swift in Sources */,
				547BC90F216A878700A64EB0 /* PinPoint.swift in Sources */,
				540F946A216F271500CF8A9D /* Corner.swift in Sources */,
				54DB8C9421B6891500A3E4A0 /* PolygonMap.swift in Sources */,
				54191FEE2157E2C100E99295 /* SortedNumbers.swift in Sources */,
				54AD2E7221B313EA0049B49F /* Polygon.swift in Sources */,
				54DB8C9921B6C06000A3E4A0 /* Triangle.swift in Sources */,
				545A2D2621550E8700047C8D /* Cheese2d.m in Sources */,
				541E50D421B5564F00076427 /* Breaker.swift in Sources */,
				541174A121676E9C00399820 /* PinPathBuilder.swift in Sources */,
				5411749F216764C000399820 /* Range.swift in Sources */,
				54AD2E7421B314770049B49F /* FloatPolygon.swift in Sources */,
				545A2D3F21550F8200047C8D /* BoxArea.swift in Sources */,
				5404A259215C0BDB00DC10BB /* Point.swift in Sources */,
				540F9470216F6A1B00CF8A9D /* PinHandler.swift in Sources */,
				54DB8C9021B6836E00A3E4A0 /* SubtractTestData.swift in Sources */,
				54F2C546217777FC001F4857 /* PinNavigator.swift in Sources */,
				54445FF22192224C0087A228 /* PointConverter.swift in Sources */,
				54B285C22198B570009027DD /* FloatSolution.swift in Sources */,
				5457CF1C216142AC0056728C /* PinPath.swift in Sources */,
				545A2D3C21550F8200047C8D /* Intersector.swift in Sources */,
				54B285C42198B995009027DD /* Disposition.swift in Sources */,
				54DB8C9121B6838B00A3E4A0 /* PinPath+Extension.swift in Sources */,
				545A2D3E21550F8200047C8D /* AdjacencyMatrix.swift in Sources */,
				54BB545D2171D13500B61F3C /* PinSequence.swift in Sources */,
				54DB8C8E21B6836800A3E4A0 /* BreakTestData.swift in Sources */,
				54DB8C8F21B6836B00A3E4A0 /* CombineTestData.swift in Sources */,
				54EDFC2921B0728D00647B6C /* Combiner.swift in Sources */,
				5412993F2170C1F0001F0F0A /* PathMileStone.swift in Sources */,
			);
			runOnlyForDeploymentPostprocessing = 0;
		};
		545A2D4021550F8F00047C8D /* Sources */ = {
			isa = PBXSourcesBuildPhase;
			buildActionMask = 2147483647;
			files = (
				545A2D502155142600047C8D /* SortedNumbersTest.swift in Sources */,
				54191FEC2157E15700E99295 /* AdjacencyMatrixTest.swift in Sources */,
				54DB8C8121B67F2B00A3E4A0 /* CombineTestData.swift in Sources */,
				54DB8C8221B67F5B00A3E4A0 /* SubtractTestData.swift in Sources */,
				54DB8C8D21B6832B00A3E4A0 /* PinPath+Extension.swift in Sources */,
				5470E5B82163FB0600AC2577 /* PinPathTest.swift in Sources */,
				54A7C3E3219D5CDB005C9283 /* SubtractTest.swift in Sources */,
				5412993D2170AD39001F0F0A /* PinsCleanDoublesTest.swift in Sources */,
				541E50D621B5677100076427 /* TriangulatorTest.swift in Sources */,
				54DB8C8821B6803500A3E4A0 /* BreakTestData.swift in Sources */,
				540F9474216F888900CF8A9D /* CornerTest.swift in Sources */,
			);
			runOnlyForDeploymentPostprocessing = 0;
		};
/* End PBXSourcesBuildPhase section */

/* Begin PBXTargetDependency section */
		545A2D4B21550F9000047C8D /* PBXTargetDependency */ = {
			isa = PBXTargetDependency;
			target = 545A2D1F21550E8700047C8D /* Cheese2d */;
			targetProxy = 545A2D4A21550F9000047C8D /* PBXContainerItemProxy */;
		};
/* End PBXTargetDependency section */

/* Begin XCBuildConfiguration section */
		545A2D2721550E8700047C8D /* Debug */ = {
			isa = XCBuildConfiguration;
			buildSettings = {
				ALWAYS_SEARCH_USER_PATHS = NO;
				CLANG_ANALYZER_NONNULL = YES;
				CLANG_ANALYZER_NUMBER_OBJECT_CONVERSION = YES_AGGRESSIVE;
				CLANG_CXX_LANGUAGE_STANDARD = "gnu++14";
				CLANG_CXX_LIBRARY = "libc++";
				CLANG_ENABLE_MODULES = YES;
				CLANG_ENABLE_OBJC_ARC = YES;
				CLANG_ENABLE_OBJC_WEAK = YES;
				CLANG_WARN_BLOCK_CAPTURE_AUTORELEASING = YES;
				CLANG_WARN_BOOL_CONVERSION = YES;
				CLANG_WARN_COMMA = YES;
				CLANG_WARN_CONSTANT_CONVERSION = YES;
				CLANG_WARN_DEPRECATED_OBJC_IMPLEMENTATIONS = YES;
				CLANG_WARN_DIRECT_OBJC_ISA_USAGE = YES_ERROR;
				CLANG_WARN_DOCUMENTATION_COMMENTS = YES;
				CLANG_WARN_EMPTY_BODY = YES;
				CLANG_WARN_ENUM_CONVERSION = YES;
				CLANG_WARN_INFINITE_RECURSION = YES;
				CLANG_WARN_INT_CONVERSION = YES;
				CLANG_WARN_NON_LITERAL_NULL_CONVERSION = YES;
				CLANG_WARN_OBJC_IMPLICIT_RETAIN_SELF = YES;
				CLANG_WARN_OBJC_LITERAL_CONVERSION = YES;
				CLANG_WARN_OBJC_ROOT_CLASS = YES_ERROR;
				CLANG_WARN_RANGE_LOOP_ANALYSIS = YES;
				CLANG_WARN_STRICT_PROTOTYPES = YES;
				CLANG_WARN_SUSPICIOUS_MOVE = YES;
				CLANG_WARN_UNGUARDED_AVAILABILITY = YES_AGGRESSIVE;
				CLANG_WARN_UNREACHABLE_CODE = YES;
				CLANG_WARN__DUPLICATE_METHOD_MATCH = YES;
				CODE_SIGN_IDENTITY = "Mac Developer";
				COPY_PHASE_STRIP = NO;
				DEBUG_INFORMATION_FORMAT = dwarf;
				ENABLE_STRICT_OBJC_MSGSEND = YES;
				ENABLE_TESTABILITY = YES;
				GCC_C_LANGUAGE_STANDARD = gnu11;
				GCC_DYNAMIC_NO_PIC = NO;
				GCC_NO_COMMON_BLOCKS = YES;
				GCC_OPTIMIZATION_LEVEL = 0;
				GCC_PREPROCESSOR_DEFINITIONS = (
					"DEBUG=1",
					"$(inherited)",
				);
				GCC_WARN_64_TO_32_BIT_CONVERSION = YES;
				GCC_WARN_ABOUT_RETURN_TYPE = YES_ERROR;
				GCC_WARN_UNDECLARED_SELECTOR = YES;
				GCC_WARN_UNINITIALIZED_AUTOS = YES_AGGRESSIVE;
				GCC_WARN_UNUSED_FUNCTION = YES;
				GCC_WARN_UNUSED_VARIABLE = YES;
				MACOSX_DEPLOYMENT_TARGET = 10.13;
				MTL_ENABLE_DEBUG_INFO = YES;
				ONLY_ACTIVE_ARCH = YES;
				SDKROOT = macosx;
				SWIFT_OPTIMIZATION_LEVEL = "-Onone";
				SWIFT_VERSION = 4.0;
			};
			name = Debug;
		};
		545A2D2821550E8700047C8D /* Release */ = {
			isa = XCBuildConfiguration;
			buildSettings = {
				ALWAYS_SEARCH_USER_PATHS = NO;
				CLANG_ANALYZER_NONNULL = YES;
				CLANG_ANALYZER_NUMBER_OBJECT_CONVERSION = YES_AGGRESSIVE;
				CLANG_CXX_LANGUAGE_STANDARD = "gnu++14";
				CLANG_CXX_LIBRARY = "libc++";
				CLANG_ENABLE_MODULES = YES;
				CLANG_ENABLE_OBJC_ARC = YES;
				CLANG_ENABLE_OBJC_WEAK = YES;
				CLANG_WARN_BLOCK_CAPTURE_AUTORELEASING = YES;
				CLANG_WARN_BOOL_CONVERSION = YES;
				CLANG_WARN_COMMA = YES;
				CLANG_WARN_CONSTANT_CONVERSION = YES;
				CLANG_WARN_DEPRECATED_OBJC_IMPLEMENTATIONS = YES;
				CLANG_WARN_DIRECT_OBJC_ISA_USAGE = YES_ERROR;
				CLANG_WARN_DOCUMENTATION_COMMENTS = YES;
				CLANG_WARN_EMPTY_BODY = YES;
				CLANG_WARN_ENUM_CONVERSION = YES;
				CLANG_WARN_INFINITE_RECURSION = YES;
				CLANG_WARN_INT_CONVERSION = YES;
				CLANG_WARN_NON_LITERAL_NULL_CONVERSION = YES;
				CLANG_WARN_OBJC_IMPLICIT_RETAIN_SELF = YES;
				CLANG_WARN_OBJC_LITERAL_CONVERSION = YES;
				CLANG_WARN_OBJC_ROOT_CLASS = YES_ERROR;
				CLANG_WARN_RANGE_LOOP_ANALYSIS = YES;
				CLANG_WARN_STRICT_PROTOTYPES = YES;
				CLANG_WARN_SUSPICIOUS_MOVE = YES;
				CLANG_WARN_UNGUARDED_AVAILABILITY = YES_AGGRESSIVE;
				CLANG_WARN_UNREACHABLE_CODE = YES;
				CLANG_WARN__DUPLICATE_METHOD_MATCH = YES;
				CODE_SIGN_IDENTITY = "Mac Developer";
				COPY_PHASE_STRIP = NO;
				DEBUG_INFORMATION_FORMAT = "dwarf-with-dsym";
				ENABLE_NS_ASSERTIONS = NO;
				ENABLE_STRICT_OBJC_MSGSEND = YES;
				GCC_C_LANGUAGE_STANDARD = gnu11;
				GCC_NO_COMMON_BLOCKS = YES;
				GCC_WARN_64_TO_32_BIT_CONVERSION = YES;
				GCC_WARN_ABOUT_RETURN_TYPE = YES_ERROR;
				GCC_WARN_UNDECLARED_SELECTOR = YES;
				GCC_WARN_UNINITIALIZED_AUTOS = YES_AGGRESSIVE;
				GCC_WARN_UNUSED_FUNCTION = YES;
				GCC_WARN_UNUSED_VARIABLE = YES;
				MACOSX_DEPLOYMENT_TARGET = 10.13;
				MTL_ENABLE_DEBUG_INFO = NO;
				SDKROOT = macosx;
				SWIFT_COMPILATION_MODE = wholemodule;
				SWIFT_OPTIMIZATION_LEVEL = "-O";
				SWIFT_VERSION = 4.0;
			};
			name = Release;
		};
		545A2D2A21550E8700047C8D /* Debug */ = {
			isa = XCBuildConfiguration;
			buildSettings = {
				CODE_SIGN_STYLE = Automatic;
				DEVELOPMENT_TEAM = HPV9E52JPX;
				DYLIB_COMPATIBILITY_VERSION = 1;
				DYLIB_CURRENT_VERSION = 1;
				EXECUTABLE_PREFIX = lib;
				PRODUCT_NAME = "$(TARGET_NAME)";
				SKIP_INSTALL = YES;
				SWIFT_OPTIMIZATION_LEVEL = "-Onone";
				SWIFT_VERSION = 4.2;
			};
			name = Debug;
		};
		545A2D2B21550E8700047C8D /* Release */ = {
			isa = XCBuildConfiguration;
			buildSettings = {
				CODE_SIGN_STYLE = Automatic;
				DEVELOPMENT_TEAM = HPV9E52JPX;
				DYLIB_COMPATIBILITY_VERSION = 1;
				DYLIB_CURRENT_VERSION = 1;
				ENABLE_TESTABILITY = YES;
				EXECUTABLE_PREFIX = lib;
				PRODUCT_NAME = "$(TARGET_NAME)";
				SKIP_INSTALL = YES;
				SWIFT_VERSION = 4.2;
			};
			name = Release;
		};
		545A2D4D21550F9000047C8D /* Debug */ = {
			isa = XCBuildConfiguration;
			buildSettings = {
				CODE_SIGN_STYLE = Automatic;
				COMBINE_HIDPI_IMAGES = YES;
				DEVELOPMENT_TEAM = HPV9E52JPX;
				INFOPLIST_FILE = Tests/Info.plist;
				LD_RUNPATH_SEARCH_PATHS = (
					"$(inherited)",
					"@executable_path/../Frameworks",
					"@loader_path/../Frameworks",
				);
				PRODUCT_BUNDLE_IDENTIFIER = Weekteam.Tests;
				PRODUCT_NAME = "$(TARGET_NAME)";
				SWIFT_ACTIVE_COMPILATION_CONDITIONS = DEBUG;
				SWIFT_OPTIMIZATION_LEVEL = "-Onone";
				SWIFT_VERSION = 4.2;
			};
			name = Debug;
		};
		545A2D4E21550F9000047C8D /* Release */ = {
			isa = XCBuildConfiguration;
			buildSettings = {
				CODE_SIGN_STYLE = Automatic;
				COMBINE_HIDPI_IMAGES = YES;
				DEVELOPMENT_TEAM = HPV9E52JPX;
				INFOPLIST_FILE = Tests/Info.plist;
				LD_RUNPATH_SEARCH_PATHS = (
					"$(inherited)",
					"@executable_path/../Frameworks",
					"@loader_path/../Frameworks",
				);
				PRODUCT_BUNDLE_IDENTIFIER = Weekteam.Tests;
				PRODUCT_NAME = "$(TARGET_NAME)";
				SWIFT_COMPILATION_MODE = wholemodule;
				SWIFT_OPTIMIZATION_LEVEL = "-O";
				SWIFT_VERSION = 4.2;
			};
			name = Release;
		};
/* End XCBuildConfiguration section */

/* Begin XCConfigurationList section */
		545A2D1B21550E8700047C8D /* Build configuration list for PBXProject "Cheese2d" */ = {
			isa = XCConfigurationList;
			buildConfigurations = (
				545A2D2721550E8700047C8D /* Debug */,
				545A2D2821550E8700047C8D /* Release */,
			);
			defaultConfigurationIsVisible = 0;
			defaultConfigurationName = Release;
		};
		545A2D2921550E8700047C8D /* Build configuration list for PBXNativeTarget "Cheese2d" */ = {
			isa = XCConfigurationList;
			buildConfigurations = (
				545A2D2A21550E8700047C8D /* Debug */,
				545A2D2B21550E8700047C8D /* Release */,
			);
			defaultConfigurationIsVisible = 0;
			defaultConfigurationName = Release;
		};
		545A2D4C21550F9000047C8D /* Build configuration list for PBXNativeTarget "Tests" */ = {
			isa = XCConfigurationList;
			buildConfigurations = (
				545A2D4D21550F9000047C8D /* Debug */,
				545A2D4E21550F9000047C8D /* Release */,
			);
			defaultConfigurationIsVisible = 0;
			defaultConfigurationName = Release;
		};
/* End XCConfigurationList section */
	};
	rootObject = 545A2D1821550E8700047C8D /* Project object */;
}
