// !$*UTF8*$!
{
	archiveVersion = 1;
	classes = {
	};
	objectVersion = 50;
	objects = {

/* Begin PBXBuildFile section */
		5404A259215C0BDB00DC10BB /* Point.swift in Sources */ = {isa = PBXBuildFile; fileRef = 5404A258215C0BDB00DC10BB /* Point.swift */; };
		5404A25B215C0D1200DC10BB /* DataNormalizer.swift in Sources */ = {isa = PBXBuildFile; fileRef = 5404A25A215C0D1200DC10BB /* DataNormalizer.swift */; };
		54098B1C215932650025EB9B /* Polygon.swift in Sources */ = {isa = PBXBuildFile; fileRef = 54098B1B215932650025EB9B /* Polygon.swift */; };
		54191FEC2157E15700E99295 /* AdjacencyMatrixTest.swift in Sources */ = {isa = PBXBuildFile; fileRef = 54191FEB2157E15700E99295 /* AdjacencyMatrixTest.swift */; };
		54191FEE2157E2C100E99295 /* SortedNumbers.swift in Sources */ = {isa = PBXBuildFile; fileRef = 54191FED2157E2C100E99295 /* SortedNumbers.swift */; };
		5428CA71215977360007AF80 /* EdgeLine.swift in Sources */ = {isa = PBXBuildFile; fileRef = 5428CA70215977360007AF80 /* EdgeLine.swift */; };
		545A2D2421550E8700047C8D /* Cheese2d.h in Headers */ = {isa = PBXBuildFile; fileRef = 545A2D2321550E8700047C8D /* Cheese2d.h */; };
		545A2D2621550E8700047C8D /* Cheese2d.m in Sources */ = {isa = PBXBuildFile; fileRef = 545A2D2521550E8700047C8D /* Cheese2d.m */; };
		545A2D3821550F8200047C8D /* Array.swift in Sources */ = {isa = PBXBuildFile; fileRef = 545A2D2E21550F8200047C8D /* Array.swift */; };
		545A2D3921550F8200047C8D /* Vector2.swift in Sources */ = {isa = PBXBuildFile; fileRef = 545A2D2F21550F8200047C8D /* Vector2.swift */; };
		545A2D3A21550F8200047C8D /* LineUtil.swift in Sources */ = {isa = PBXBuildFile; fileRef = 545A2D3021550F8200047C8D /* LineUtil.swift */; };
		545A2D3B21550F8200047C8D /* CGPoint+extension.swift in Sources */ = {isa = PBXBuildFile; fileRef = 545A2D3121550F8200047C8D /* CGPoint+extension.swift */; };
		545A2D3C21550F8200047C8D /* Intersector.swift in Sources */ = {isa = PBXBuildFile; fileRef = 545A2D3321550F8200047C8D /* Intersector.swift */; };
		545A2D3E21550F8200047C8D /* AdjacencyMatrix.swift in Sources */ = {isa = PBXBuildFile; fileRef = 545A2D3621550F8200047C8D /* AdjacencyMatrix.swift */; };
		545A2D3F21550F8200047C8D /* BoxArea.swift in Sources */ = {isa = PBXBuildFile; fileRef = 545A2D3721550F8200047C8D /* BoxArea.swift */; };
		545A2D4921550F9000047C8D /* libCheese2d.dylib in Frameworks */ = {isa = PBXBuildFile; fileRef = 545A2D2021550E8700047C8D /* libCheese2d.dylib */; };
		545A2D502155142600047C8D /* SortedNumbersTest.swift in Sources */ = {isa = PBXBuildFile; fileRef = 545A2D4F2155142600047C8D /* SortedNumbersTest.swift */; };
		545A2D542155233300047C8D /* DebugFile.swift in Sources */ = {isa = PBXBuildFile; fileRef = 545A2D532155233300047C8D /* DebugFile.swift */; };
		54E327A82156AD00005BBFC3 /* AdjacencyMap.swift in Sources */ = {isa = PBXBuildFile; fileRef = 54E327A72156AD00005BBFC3 /* AdjacencyMap.swift */; };
/* End PBXBuildFile section */

/* Begin PBXContainerItemProxy section */
		545A2D4A21550F9000047C8D /* PBXContainerItemProxy */ = {
			isa = PBXContainerItemProxy;
			containerPortal = 545A2D1821550E8700047C8D /* Project object */;
			proxyType = 1;
			remoteGlobalIDString = 545A2D1F21550E8700047C8D;
			remoteInfo = Cheese2d;
		};
/* End PBXContainerItemProxy section */

/* Begin PBXFileReference section */
		5404A258215C0BDB00DC10BB /* Point.swift */ = {isa = PBXFileReference; lastKnownFileType = sourcecode.swift; path = Point.swift; sourceTree = "<group>"; };
		5404A25A215C0D1200DC10BB /* DataNormalizer.swift */ = {isa = PBXFileReference; lastKnownFileType = sourcecode.swift; path = DataNormalizer.swift; sourceTree = "<group>"; };
		54098B1B215932650025EB9B /* Polygon.swift */ = {isa = PBXFileReference; lastKnownFileType = sourcecode.swift; path = Polygon.swift; sourceTree = "<group>"; };
		54191FEB2157E15700E99295 /* AdjacencyMatrixTest.swift */ = {isa = PBXFileReference; lastKnownFileType = sourcecode.swift; path = AdjacencyMatrixTest.swift; sourceTree = "<group>"; };
		54191FED2157E2C100E99295 /* SortedNumbers.swift */ = {isa = PBXFileReference; fileEncoding = 4; lastKnownFileType = sourcecode.swift; path = SortedNumbers.swift; sourceTree = "<group>"; };
		5428CA70215977360007AF80 /* EdgeLine.swift */ = {isa = PBXFileReference; lastKnownFileType = sourcecode.swift; path = EdgeLine.swift; sourceTree = "<group>"; };
		545A2D2021550E8700047C8D /* libCheese2d.dylib */ = {isa = PBXFileReference; explicitFileType = "compiled.mach-o.dylib"; includeInIndex = 0; path = libCheese2d.dylib; sourceTree = BUILT_PRODUCTS_DIR; };
		545A2D2321550E8700047C8D /* Cheese2d.h */ = {isa = PBXFileReference; lastKnownFileType = sourcecode.c.h; path = Cheese2d.h; sourceTree = "<group>"; };
		545A2D2521550E8700047C8D /* Cheese2d.m */ = {isa = PBXFileReference; lastKnownFileType = sourcecode.c.objc; path = Cheese2d.m; sourceTree = "<group>"; };
		545A2D2E21550F8200047C8D /* Array.swift */ = {isa = PBXFileReference; fileEncoding = 4; lastKnownFileType = sourcecode.swift; path = Array.swift; sourceTree = "<group>"; };
		545A2D2F21550F8200047C8D /* Vector2.swift */ = {isa = PBXFileReference; fileEncoding = 4; lastKnownFileType = sourcecode.swift; path = Vector2.swift; sourceTree = "<group>"; };
		545A2D3021550F8200047C8D /* LineUtil.swift */ = {isa = PBXFileReference; fileEncoding = 4; lastKnownFileType = sourcecode.swift; path = LineUtil.swift; sourceTree = "<group>"; };
		545A2D3121550F8200047C8D /* CGPoint+extension.swift */ = {isa = PBXFileReference; fileEncoding = 4; lastKnownFileType = sourcecode.swift; path = "CGPoint+extension.swift"; sourceTree = "<group>"; };
		545A2D3321550F8200047C8D /* Intersector.swift */ = {isa = PBXFileReference; fileEncoding = 4; lastKnownFileType = sourcecode.swift; path = Intersector.swift; sourceTree = "<group>"; };
		545A2D3621550F8200047C8D /* AdjacencyMatrix.swift */ = {isa = PBXFileReference; fileEncoding = 4; lastKnownFileType = sourcecode.swift; path = AdjacencyMatrix.swift; sourceTree = "<group>"; };
		545A2D3721550F8200047C8D /* BoxArea.swift */ = {isa = PBXFileReference; fileEncoding = 4; lastKnownFileType = sourcecode.swift; path = BoxArea.swift; sourceTree = "<group>"; };
		545A2D4421550F8F00047C8D /* Tests.xctest */ = {isa = PBXFileReference; explicitFileType = wrapper.cfbundle; includeInIndex = 0; path = Tests.xctest; sourceTree = BUILT_PRODUCTS_DIR; };
		545A2D4821550F9000047C8D /* Info.plist */ = {isa = PBXFileReference; lastKnownFileType = text.plist.xml; path = Info.plist; sourceTree = "<group>"; };
		545A2D4F2155142600047C8D /* SortedNumbersTest.swift */ = {isa = PBXFileReference; fileEncoding = 4; lastKnownFileType = sourcecode.swift; path = SortedNumbersTest.swift; sourceTree = "<group>"; };
		545A2D532155233300047C8D /* DebugFile.swift */ = {isa = PBXFileReference; lastKnownFileType = sourcecode.swift; path = DebugFile.swift; sourceTree = "<group>"; };
		54E327A72156AD00005BBFC3 /* AdjacencyMap.swift */ = {isa = PBXFileReference; lastKnownFileType = sourcecode.swift; path = AdjacencyMap.swift; sourceTree = "<group>"; };
/* End PBXFileReference section */

/* Begin PBXFrameworksBuildPhase section */
		545A2D1D21550E8700047C8D /* Frameworks */ = {
			isa = PBXFrameworksBuildPhase;
			buildActionMask = 2147483647;
			files = (
			);
			runOnlyForDeploymentPostprocessing = 0;
		};
		545A2D4121550F8F00047C8D /* Frameworks */ = {
			isa = PBXFrameworksBuildPhase;
			buildActionMask = 2147483647;
			files = (
				545A2D4921550F9000047C8D /* libCheese2d.dylib in Frameworks */,
			);
			runOnlyForDeploymentPostprocessing = 0;
		};
/* End PBXFrameworksBuildPhase section */

/* Begin PBXGroup section */
		545A2D1721550E8700047C8D = {
			isa = PBXGroup;
			children = (
				545A2D2221550E8700047C8D /* Cheese2d */,
				545A2D4521550F9000047C8D /* Tests */,
				545A2D2121550E8700047C8D /* Products */,
			);
			sourceTree = "<group>";
		};
		545A2D2121550E8700047C8D /* Products */ = {
			isa = PBXGroup;
			children = (
				545A2D2021550E8700047C8D /* libCheese2d.dylib */,
				545A2D4421550F8F00047C8D /* Tests.xctest */,
			);
			name = Products;
			sourceTree = "<group>";
		};
		545A2D2221550E8700047C8D /* Cheese2d */ = {
			isa = PBXGroup;
			children = (
				545A2D2C21550F8200047C8D /* Code */,
				545A2D2321550E8700047C8D /* Cheese2d.h */,
				545A2D2521550E8700047C8D /* Cheese2d.m */,
			);
			path = Cheese2d;
			sourceTree = "<group>";
		};
		545A2D2C21550F8200047C8D /* Code */ = {
			isa = PBXGroup;
			children = (
				545A2D2D21550F8200047C8D /* Math */,
				545A2D3221550F8200047C8D /* Intersection */,
				545A2D3421550F8200047C8D /* Struct */,
				545A2D532155233300047C8D /* DebugFile.swift */,
			);
			path = Code;
			sourceTree = "<group>";
		};
		545A2D2D21550F8200047C8D /* Math */ = {
			isa = PBXGroup;
			children = (
				545A2D2E21550F8200047C8D /* Array.swift */,
				545A2D2F21550F8200047C8D /* Vector2.swift */,
				54098B1B215932650025EB9B /* Polygon.swift */,
				545A2D3021550F8200047C8D /* LineUtil.swift */,
				545A2D3121550F8200047C8D /* CGPoint+extension.swift */,
				5428CA70215977360007AF80 /* EdgeLine.swift */,
				5404A258215C0BDB00DC10BB /* Point.swift */,
			);
			path = Math;
			sourceTree = "<group>";
		};
		545A2D3221550F8200047C8D /* Intersection */ = {
			isa = PBXGroup;
			children = (
				545A2D3321550F8200047C8D /* Intersector.swift */,
				5404A25A215C0D1200DC10BB /* DataNormalizer.swift */,
			);
			path = Intersection;
			sourceTree = "<group>";
		};
		545A2D3421550F8200047C8D /* Struct */ = {
			isa = PBXGroup;
			children = (
				54191FED2157E2C100E99295 /* SortedNumbers.swift */,
				545A2D3621550F8200047C8D /* AdjacencyMatrix.swift */,
				545A2D3721550F8200047C8D /* BoxArea.swift */,
				54E327A72156AD00005BBFC3 /* AdjacencyMap.swift */,
			);
			path = Struct;
			sourceTree = "<group>";
		};
		545A2D4521550F9000047C8D /* Tests */ = {
			isa = PBXGroup;
			children = (
				54191FEB2157E15700E99295 /* AdjacencyMatrixTest.swift */,
				545A2D4F2155142600047C8D /* SortedNumbersTest.swift */,
				545A2D4821550F9000047C8D /* Info.plist */,
			);
			path = Tests;
			sourceTree = "<group>";
		};
/* End PBXGroup section */

/* Begin PBXHeadersBuildPhase section */
		545A2D1E21550E8700047C8D /* Headers */ = {
			isa = PBXHeadersBuildPhase;
			buildActionMask = 2147483647;
			files = (
				545A2D2421550E8700047C8D /* Cheese2d.h in Headers */,
			);
			runOnlyForDeploymentPostprocessing = 0;
		};
/* End PBXHeadersBuildPhase section */

/* Begin PBXNativeTarget section */
		545A2D1F21550E8700047C8D /* Cheese2d */ = {
			isa = PBXNativeTarget;
			buildConfigurationList = 545A2D2921550E8700047C8D /* Build configuration list for PBXNativeTarget "Cheese2d" */;
			buildPhases = (
				545A2D1C21550E8700047C8D /* Sources */,
				545A2D1D21550E8700047C8D /* Frameworks */,
				545A2D1E21550E8700047C8D /* Headers */,
			);
			buildRules = (
			);
			dependencies = (
			);
			name = Cheese2d;
			productName = Cheese2d;
			productReference = 545A2D2021550E8700047C8D /* libCheese2d.dylib */;
			productType = "com.apple.product-type.library.dynamic";
		};
		545A2D4321550F8F00047C8D /* Tests */ = {
			isa = PBXNativeTarget;
			buildConfigurationList = 545A2D4C21550F9000047C8D /* Build configuration list for PBXNativeTarget "Tests" */;
			buildPhases = (
				545A2D4021550F8F00047C8D /* Sources */,
				545A2D4121550F8F00047C8D /* Frameworks */,
				545A2D4221550F8F00047C8D /* Resources */,
			);
			buildRules = (
			);
			dependencies = (
				545A2D4B21550F9000047C8D /* PBXTargetDependency */,
			);
			name = Tests;
			productName = Tests;
			productReference = 545A2D4421550F8F00047C8D /* Tests.xctest */;
			productType = "com.apple.product-type.bundle.unit-test";
		};
/* End PBXNativeTarget section */

/* Begin PBXProject section */
		545A2D1821550E8700047C8D /* Project object */ = {
			isa = PBXProject;
			attributes = {
				LastSwiftUpdateCheck = 0940;
				LastUpgradeCheck = 0940;
				ORGANIZATIONNAME = "Nail Sharipov";
				TargetAttributes = {
					545A2D1F21550E8700047C8D = {
						CreatedOnToolsVersion = 9.4.1;
					};
					545A2D4321550F8F00047C8D = {
						CreatedOnToolsVersion = 9.4.1;
					};
				};
			};
			buildConfigurationList = 545A2D1B21550E8700047C8D /* Build configuration list for PBXProject "Cheese2d" */;
			compatibilityVersion = "Xcode 9.3";
			developmentRegion = en;
			hasScannedForEncodings = 0;
			knownRegions = (
				en,
			);
			mainGroup = 545A2D1721550E8700047C8D;
			productRefGroup = 545A2D2121550E8700047C8D /* Products */;
			projectDirPath = "";
			projectRoot = "";
			targets = (
				545A2D1F21550E8700047C8D /* Cheese2d */,
				545A2D4321550F8F00047C8D /* Tests */,
			);
		};
/* End PBXProject section */

/* Begin PBXResourcesBuildPhase section */
		545A2D4221550F8F00047C8D /* Resources */ = {
			isa = PBXResourcesBuildPhase;
			buildActionMask = 2147483647;
			files = (
			);
			runOnlyForDeploymentPostprocessing = 0;
		};
/* End PBXResourcesBuildPhase section */

/* Begin PBXSourcesBuildPhase section */
		545A2D1C21550E8700047C8D /* Sources */ = {
			isa = PBXSourcesBuildPhase;
			buildActionMask = 2147483647;
			files = (
				5404A25B215C0D1200DC10BB /* DataNormalizer.swift in Sources */,
				54191FEE2157E2C100E99295 /* SortedNumbers.swift in Sources */,
				54E327A82156AD00005BBFC3 /* AdjacencyMap.swift in Sources */,
				545A2D2621550E8700047C8D /* Cheese2d.m in Sources */,
				545A2D3F21550F8200047C8D /* BoxArea.swift in Sources */,
				5404A259215C0BDB00DC10BB /* Point.swift in Sources */,
				545A2D3B21550F8200047C8D /* CGPoint+extension.swift in Sources */,
				5428CA71215977360007AF80 /* EdgeLine.swift in Sources */,
				545A2D3C21550F8200047C8D /* Intersector.swift in Sources */,
				545A2D3921550F8200047C8D /* Vector2.swift in Sources */,
				545A2D3821550F8200047C8D /* Array.swift in Sources */,
				54098B1C215932650025EB9B /* Polygon.swift in Sources */,
				545A2D3A21550F8200047C8D /* LineUtil.swift in Sources */,
				545A2D3E21550F8200047C8D /* AdjacencyMatrix.swift in Sources */,
				545A2D542155233300047C8D /* DebugFile.swift in Sources */,
			);
			runOnlyForDeploymentPostprocessing = 0;
		};
		545A2D4021550F8F00047C8D /* Sources */ = {
			isa = PBXSourcesBuildPhase;
			buildActionMask = 2147483647;
			files = (
				545A2D502155142600047C8D /* SortedNumbersTest.swift in Sources */,
				54191FEC2157E15700E99295 /* AdjacencyMatrixTest.swift in Sources */,
			);
			runOnlyForDeploymentPostprocessing = 0;
		};
/* End PBXSourcesBuildPhase section */

/* Begin PBXTargetDependency section */
		545A2D4B21550F9000047C8D /* PBXTargetDependency */ = {
			isa = PBXTargetDependency;
			target = 545A2D1F21550E8700047C8D /* Cheese2d */;
			targetProxy = 545A2D4A21550F9000047C8D /* PBXContainerItemProxy */;
		};
/* End PBXTargetDependency section */

/* Begin XCBuildConfiguration section */
		545A2D2721550E8700047C8D /* Debug */ = {
			isa = XCBuildConfiguration;
			buildSettings = {
				ALWAYS_SEARCH_USER_PATHS = NO;
				CLANG_ANALYZER_NONNULL = YES;
				CLANG_ANALYZER_NUMBER_OBJECT_CONVERSION = YES_AGGRESSIVE;
				CLANG_CXX_LANGUAGE_STANDARD = "gnu++14";
				CLANG_CXX_LIBRARY = "libc++";
				CLANG_ENABLE_MODULES = YES;
				CLANG_ENABLE_OBJC_ARC = YES;
				CLANG_ENABLE_OBJC_WEAK = YES;
				CLANG_WARN_BLOCK_CAPTURE_AUTORELEASING = YES;
				CLANG_WARN_BOOL_CONVERSION = YES;
				CLANG_WARN_COMMA = YES;
				CLANG_WARN_CONSTANT_CONVERSION = YES;
				CLANG_WARN_DEPRECATED_OBJC_IMPLEMENTATIONS = YES;
				CLANG_WARN_DIRECT_OBJC_ISA_USAGE = YES_ERROR;
				CLANG_WARN_DOCUMENTATION_COMMENTS = YES;
				CLANG_WARN_EMPTY_BODY = YES;
				CLANG_WARN_ENUM_CONVERSION = YES;
				CLANG_WARN_INFINITE_RECURSION = YES;
				CLANG_WARN_INT_CONVERSION = YES;
				CLANG_WARN_NON_LITERAL_NULL_CONVERSION = YES;
				CLANG_WARN_OBJC_IMPLICIT_RETAIN_SELF = YES;
				CLANG_WARN_OBJC_LITERAL_CONVERSION = YES;
				CLANG_WARN_OBJC_ROOT_CLASS = YES_ERROR;
				CLANG_WARN_RANGE_LOOP_ANALYSIS = YES;
				CLANG_WARN_STRICT_PROTOTYPES = YES;
				CLANG_WARN_SUSPICIOUS_MOVE = YES;
				CLANG_WARN_UNGUARDED_AVAILABILITY = YES_AGGRESSIVE;
				CLANG_WARN_UNREACHABLE_CODE = YES;
				CLANG_WARN__DUPLICATE_METHOD_MATCH = YES;
				CODE_SIGN_IDENTITY = "Mac Developer";
				COPY_PHASE_STRIP = NO;
				DEBUG_INFORMATION_FORMAT = dwarf;
				ENABLE_STRICT_OBJC_MSGSEND = YES;
				ENABLE_TESTABILITY = YES;
				GCC_C_LANGUAGE_STANDARD = gnu11;
				GCC_DYNAMIC_NO_PIC = NO;
				GCC_NO_COMMON_BLOCKS = YES;
				GCC_OPTIMIZATION_LEVEL = 0;
				GCC_PREPROCESSOR_DEFINITIONS = (
					"DEBUG=1",
					"$(inherited)",
				);
				GCC_WARN_64_TO_32_BIT_CONVERSION = YES;
				GCC_WARN_ABOUT_RETURN_TYPE = YES_ERROR;
				GCC_WARN_UNDECLARED_SELECTOR = YES;
				GCC_WARN_UNINITIALIZED_AUTOS = YES_AGGRESSIVE;
				GCC_WARN_UNUSED_FUNCTION = YES;
				GCC_WARN_UNUSED_VARIABLE = YES;
				MACOSX_DEPLOYMENT_TARGET = 10.13;
				MTL_ENABLE_DEBUG_INFO = YES;
				ONLY_ACTIVE_ARCH = YES;
				SDKROOT = macosx;
				SWIFT_OPTIMIZATION_LEVEL = "-Onone";
				SWIFT_VERSION = 4.0;
			};
			name = Debug;
		};
		545A2D2821550E8700047C8D /* Release */ = {
			isa = XCBuildConfiguration;
			buildSettings = {
				ALWAYS_SEARCH_USER_PATHS = NO;
				CLANG_ANALYZER_NONNULL = YES;
				CLANG_ANALYZER_NUMBER_OBJECT_CONVERSION = YES_AGGRESSIVE;
				CLANG_CXX_LANGUAGE_STANDARD = "gnu++14";
				CLANG_CXX_LIBRARY = "libc++";
				CLANG_ENABLE_MODULES = YES;
				CLANG_ENABLE_OBJC_ARC = YES;
				CLANG_ENABLE_OBJC_WEAK = YES;
				CLANG_WARN_BLOCK_CAPTURE_AUTORELEASING = YES;
				CLANG_WARN_BOOL_CONVERSION = YES;
				CLANG_WARN_COMMA = YES;
				CLANG_WARN_CONSTANT_CONVERSION = YES;
				CLANG_WARN_DEPRECATED_OBJC_IMPLEMENTATIONS = YES;
				CLANG_WARN_DIRECT_OBJC_ISA_USAGE = YES_ERROR;
				CLANG_WARN_DOCUMENTATION_COMMENTS = YES;
				CLANG_WARN_EMPTY_BODY = YES;
				CLANG_WARN_ENUM_CONVERSION = YES;
				CLANG_WARN_INFINITE_RECURSION = YES;
				CLANG_WARN_INT_CONVERSION = YES;
				CLANG_WARN_NON_LITERAL_NULL_CONVERSION = YES;
				CLANG_WARN_OBJC_IMPLICIT_RETAIN_SELF = YES;
				CLANG_WARN_OBJC_LITERAL_CONVERSION = YES;
				CLANG_WARN_OBJC_ROOT_CLASS = YES_ERROR;
				CLANG_WARN_RANGE_LOOP_ANALYSIS = YES;
				CLANG_WARN_STRICT_PROTOTYPES = YES;
				CLANG_WARN_SUSPICIOUS_MOVE = YES;
				CLANG_WARN_UNGUARDED_AVAILABILITY = YES_AGGRESSIVE;
				CLANG_WARN_UNREACHABLE_CODE = YES;
				CLANG_WARN__DUPLICATE_METHOD_MATCH = YES;
				CODE_SIGN_IDENTITY = "Mac Developer";
				COPY_PHASE_STRIP = NO;
				DEBUG_INFORMATION_FORMAT = "dwarf-with-dsym";
				ENABLE_NS_ASSERTIONS = NO;
				ENABLE_STRICT_OBJC_MSGSEND = YES;
				GCC_C_LANGUAGE_STANDARD = gnu11;
				GCC_NO_COMMON_BLOCKS = YES;
				GCC_WARN_64_TO_32_BIT_CONVERSION = YES;
				GCC_WARN_ABOUT_RETURN_TYPE = YES_ERROR;
				GCC_WARN_UNDECLARED_SELECTOR = YES;
				GCC_WARN_UNINITIALIZED_AUTOS = YES_AGGRESSIVE;
				GCC_WARN_UNUSED_FUNCTION = YES;
				GCC_WARN_UNUSED_VARIABLE = YES;
				MACOSX_DEPLOYMENT_TARGET = 10.13;
				MTL_ENABLE_DEBUG_INFO = NO;
				SDKROOT = macosx;
				SWIFT_OPTIMIZATION_LEVEL = "-O";
				SWIFT_VERSION = 4.0;
			};
			name = Release;
		};
		545A2D2A21550E8700047C8D /* Debug */ = {
			isa = XCBuildConfiguration;
			buildSettings = {
				CODE_SIGN_STYLE = Automatic;
				DEVELOPMENT_TEAM = HPV9E52JPX;
				DYLIB_COMPATIBILITY_VERSION = 1;
				DYLIB_CURRENT_VERSION = 1;
				EXECUTABLE_PREFIX = lib;
				PRODUCT_NAME = "$(TARGET_NAME)";
				SKIP_INSTALL = YES;
				SWIFT_OPTIMIZATION_LEVEL = "-Onone";
				SWIFT_VERSION = 4.0;
			};
			name = Debug;
		};
		545A2D2B21550E8700047C8D /* Release */ = {
			isa = XCBuildConfiguration;
			buildSettings = {
				CODE_SIGN_STYLE = Automatic;
				DEVELOPMENT_TEAM = HPV9E52JPX;
				DYLIB_COMPATIBILITY_VERSION = 1;
				DYLIB_CURRENT_VERSION = 1;
				ENABLE_TESTABILITY = YES;
				EXECUTABLE_PREFIX = lib;
				PRODUCT_NAME = "$(TARGET_NAME)";
				SKIP_INSTALL = YES;
				SWIFT_VERSION = 4.0;
			};
			name = Release;
		};
		545A2D4D21550F9000047C8D /* Debug */ = {
			isa = XCBuildConfiguration;
			buildSettings = {
				CODE_SIGN_STYLE = Automatic;
				COMBINE_HIDPI_IMAGES = YES;
				DEVELOPMENT_TEAM = HPV9E52JPX;
				INFOPLIST_FILE = Tests/Info.plist;
				LD_RUNPATH_SEARCH_PATHS = (
					"$(inherited)",
					"@executable_path/../Frameworks",
					"@loader_path/../Frameworks",
				);
				PRODUCT_BUNDLE_IDENTIFIER = Weekteam.Tests;
				PRODUCT_NAME = "$(TARGET_NAME)";
				SWIFT_ACTIVE_COMPILATION_CONDITIONS = DEBUG;
				SWIFT_OPTIMIZATION_LEVEL = "-Onone";
				SWIFT_VERSION = 4.0;
			};
			name = Debug;
		};
		545A2D4E21550F9000047C8D /* Release */ = {
			isa = XCBuildConfiguration;
			buildSettings = {
				CODE_SIGN_STYLE = Automatic;
				COMBINE_HIDPI_IMAGES = YES;
				DEVELOPMENT_TEAM = HPV9E52JPX;
				INFOPLIST_FILE = Tests/Info.plist;
				LD_RUNPATH_SEARCH_PATHS = (
					"$(inherited)",
					"@executable_path/../Frameworks",
					"@loader_path/../Frameworks",
				);
				PRODUCT_BUNDLE_IDENTIFIER = Weekteam.Tests;
				PRODUCT_NAME = "$(TARGET_NAME)";
				SWIFT_COMPILATION_MODE = wholemodule;
				SWIFT_OPTIMIZATION_LEVEL = "-O";
				SWIFT_VERSION = 4.0;
			};
			name = Release;
		};
/* End XCBuildConfiguration section */

/* Begin XCConfigurationList section */
		545A2D1B21550E8700047C8D /* Build configuration list for PBXProject "Cheese2d" */ = {
			isa = XCConfigurationList;
			buildConfigurations = (
				545A2D2721550E8700047C8D /* Debug */,
				545A2D2821550E8700047C8D /* Release */,
			);
			defaultConfigurationIsVisible = 0;
			defaultConfigurationName = Release;
		};
		545A2D2921550E8700047C8D /* Build configuration list for PBXNativeTarget "Cheese2d" */ = {
			isa = XCConfigurationList;
			buildConfigurations = (
				545A2D2A21550E8700047C8D /* Debug */,
				545A2D2B21550E8700047C8D /* Release */,
			);
			defaultConfigurationIsVisible = 0;
			defaultConfigurationName = Release;
		};
		545A2D4C21550F9000047C8D /* Build configuration list for PBXNativeTarget "Tests" */ = {
			isa = XCConfigurationList;
			buildConfigurations = (
				545A2D4D21550F9000047C8D /* Debug */,
				545A2D4E21550F9000047C8D /* Release */,
			);
			defaultConfigurationIsVisible = 0;
			defaultConfigurationName = Release;
		};
/* End XCConfigurationList section */
	};
	rootObject = 545A2D1821550E8700047C8D /* Project object */;
}
