// !$*UTF8*$!
{
	archiveVersion = 1;
	classes = {
	};
	objectVersion = 50;
	objects = {

/* Begin PBXBuildFile section */
		5408D6AD2154C6820050CEE9 /* Cheese2d.h in Headers */ = {isa = PBXBuildFile; fileRef = 5408D6AC2154C6820050CEE9 /* Cheese2d.h */; };
		5408D6AF2154C6820050CEE9 /* Cheese2d.m in Sources */ = {isa = PBXBuildFile; fileRef = 5408D6AE2154C6820050CEE9 /* Cheese2d.m */; };
		542D792C2154CDD6000B1D1A /* Array.swift in Sources */ = {isa = PBXBuildFile; fileRef = 542D79122154CDD6000B1D1A /* Array.swift */; };
		542D792D2154CDD6000B1D1A /* Vector2.swift in Sources */ = {isa = PBXBuildFile; fileRef = 542D79132154CDD6000B1D1A /* Vector2.swift */; };
		542D792E2154CDD6000B1D1A /* LineUtil.swift in Sources */ = {isa = PBXBuildFile; fileRef = 542D79142154CDD6000B1D1A /* LineUtil.swift */; };
		542D792F2154CDD6000B1D1A /* CGPoint+extension.swift in Sources */ = {isa = PBXBuildFile; fileRef = 542D79152154CDD6000B1D1A /* CGPoint+extension.swift */; };
		542D79302154CDD6000B1D1A /* Intersector.swift in Sources */ = {isa = PBXBuildFile; fileRef = 542D79172154CDD6000B1D1A /* Intersector.swift */; };
		542D79312154CDD6000B1D1A /* OrdedNumbers.swift in Sources */ = {isa = PBXBuildFile; fileRef = 542D79192154CDD6000B1D1A /* OrdedNumbers.swift */; };
		542D79322154CDD6000B1D1A /* AdjacencyMatrix.swift in Sources */ = {isa = PBXBuildFile; fileRef = 542D791A2154CDD6000B1D1A /* AdjacencyMatrix.swift */; };
		542D79342154CDD6000B1D1A /* ForA.m in Sources */ = {isa = PBXBuildFile; fileRef = 542D79202154CDD6000B1D1A /* ForA.m */; };
		542D79352154CDD6000B1D1A /* ForA.h in Headers */ = {isa = PBXBuildFile; fileRef = 542D79212154CDD6000B1D1A /* ForA.h */; };
		542D79362154CDD6000B1D1A /* BoxArea.swift in Sources */ = {isa = PBXBuildFile; fileRef = 542D79252154CDD6000B1D1A /* BoxArea.swift */; };
		542D79422154CEE5000B1D1A /* Tests.swift in Sources */ = {isa = PBXBuildFile; fileRef = 542D79412154CEE5000B1D1A /* Tests.swift */; };
		542D79442154CEE5000B1D1A /* libCheese2d.dylib in Frameworks */ = {isa = PBXBuildFile; fileRef = 5408D6A92154C6820050CEE9 /* libCheese2d.dylib */; };
/* End PBXBuildFile section */

/* Begin PBXContainerItemProxy section */
		542D79282154CDD6000B1D1A /* PBXContainerItemProxy */ = {
			isa = PBXContainerItemProxy;
			containerPortal = 542D79222154CDD6000B1D1A /* ForA.xcodeproj */;
			proxyType = 2;
			remoteGlobalIDString = 5408D6852154C6110050CEE9;
			remoteInfo = ForA;
		};
		542D792A2154CDD6000B1D1A /* PBXContainerItemProxy */ = {
			isa = PBXContainerItemProxy;
			containerPortal = 542D79222154CDD6000B1D1A /* ForA.xcodeproj */;
			proxyType = 2;
			remoteGlobalIDString = 5408D6952154C6300050CEE9;
			remoteInfo = Tests;
		};
		542D79452154CEE5000B1D1A /* PBXContainerItemProxy */ = {
			isa = PBXContainerItemProxy;
			containerPortal = 5408D6A12154C6820050CEE9 /* Project object */;
			proxyType = 1;
			remoteGlobalIDString = 5408D6A82154C6820050CEE9;
			remoteInfo = Cheese2d;
		};
/* End PBXContainerItemProxy section */

/* Begin PBXFileReference section */
		5408D6A92154C6820050CEE9 /* libCheese2d.dylib */ = {isa = PBXFileReference; explicitFileType = "compiled.mach-o.dylib"; includeInIndex = 0; path = libCheese2d.dylib; sourceTree = BUILT_PRODUCTS_DIR; };
		5408D6AC2154C6820050CEE9 /* Cheese2d.h */ = {isa = PBXFileReference; lastKnownFileType = sourcecode.c.h; path = Cheese2d.h; sourceTree = "<group>"; };
		5408D6AE2154C6820050CEE9 /* Cheese2d.m */ = {isa = PBXFileReference; lastKnownFileType = sourcecode.c.objc; path = Cheese2d.m; sourceTree = "<group>"; };
		542D79122154CDD6000B1D1A /* Array.swift */ = {isa = PBXFileReference; fileEncoding = 4; lastKnownFileType = sourcecode.swift; path = Array.swift; sourceTree = "<group>"; };
		542D79132154CDD6000B1D1A /* Vector2.swift */ = {isa = PBXFileReference; fileEncoding = 4; lastKnownFileType = sourcecode.swift; path = Vector2.swift; sourceTree = "<group>"; };
		542D79142154CDD6000B1D1A /* LineUtil.swift */ = {isa = PBXFileReference; fileEncoding = 4; lastKnownFileType = sourcecode.swift; path = LineUtil.swift; sourceTree = "<group>"; };
		542D79152154CDD6000B1D1A /* CGPoint+extension.swift */ = {isa = PBXFileReference; fileEncoding = 4; lastKnownFileType = sourcecode.swift; path = "CGPoint+extension.swift"; sourceTree = "<group>"; };
		542D79172154CDD6000B1D1A /* Intersector.swift */ = {isa = PBXFileReference; fileEncoding = 4; lastKnownFileType = sourcecode.swift; path = Intersector.swift; sourceTree = "<group>"; };
		542D79192154CDD6000B1D1A /* OrdedNumbers.swift */ = {isa = PBXFileReference; fileEncoding = 4; lastKnownFileType = sourcecode.swift; path = OrdedNumbers.swift; sourceTree = "<group>"; };
		542D791A2154CDD6000B1D1A /* AdjacencyMatrix.swift */ = {isa = PBXFileReference; fileEncoding = 4; lastKnownFileType = sourcecode.swift; path = AdjacencyMatrix.swift; sourceTree = "<group>"; };
		542D791D2154CDD6000B1D1A /* Tests.swift */ = {isa = PBXFileReference; fileEncoding = 4; lastKnownFileType = sourcecode.swift; path = Tests.swift; sourceTree = "<group>"; };
		542D791E2154CDD6000B1D1A /* Info.plist */ = {isa = PBXFileReference; fileEncoding = 4; lastKnownFileType = text.plist.xml; path = Info.plist; sourceTree = "<group>"; };
		542D79202154CDD6000B1D1A /* ForA.m */ = {isa = PBXFileReference; fileEncoding = 4; lastKnownFileType = sourcecode.c.objc; path = ForA.m; sourceTree = "<group>"; };
		542D79212154CDD6000B1D1A /* ForA.h */ = {isa = PBXFileReference; fileEncoding = 4; lastKnownFileType = sourcecode.c.h; path = ForA.h; sourceTree = "<group>"; };
		542D79222154CDD6000B1D1A /* ForA.xcodeproj */ = {isa = PBXFileReference; lastKnownFileType = "wrapper.pb-project"; path = ForA.xcodeproj; sourceTree = "<group>"; };
		542D79252154CDD6000B1D1A /* BoxArea.swift */ = {isa = PBXFileReference; fileEncoding = 4; lastKnownFileType = sourcecode.swift; path = BoxArea.swift; sourceTree = "<group>"; };
		542D793F2154CEE5000B1D1A /* Tests.xctest */ = {isa = PBXFileReference; explicitFileType = wrapper.cfbundle; includeInIndex = 0; path = Tests.xctest; sourceTree = BUILT_PRODUCTS_DIR; };
		542D79412154CEE5000B1D1A /* Tests.swift */ = {isa = PBXFileReference; lastKnownFileType = sourcecode.swift; path = Tests.swift; sourceTree = "<group>"; };
		542D79432154CEE5000B1D1A /* Info.plist */ = {isa = PBXFileReference; lastKnownFileType = text.plist.xml; path = Info.plist; sourceTree = "<group>"; };
/* End PBXFileReference section */

/* Begin PBXFrameworksBuildPhase section */
		5408D6A62154C6820050CEE9 /* Frameworks */ = {
			isa = PBXFrameworksBuildPhase;
			buildActionMask = 2147483647;
			files = (
			);
			runOnlyForDeploymentPostprocessing = 0;
		};
		542D793C2154CEE5000B1D1A /* Frameworks */ = {
			isa = PBXFrameworksBuildPhase;
			buildActionMask = 2147483647;
			files = (
				542D79442154CEE5000B1D1A /* libCheese2d.dylib in Frameworks */,
			);
			runOnlyForDeploymentPostprocessing = 0;
		};
/* End PBXFrameworksBuildPhase section */

/* Begin PBXGroup section */
		5408D6A02154C6820050CEE9 = {
			isa = PBXGroup;
			children = (
				5408D6AB2154C6820050CEE9 /* Cheese2d */,
				542D79402154CEE5000B1D1A /* Tests */,
				5408D6AA2154C6820050CEE9 /* Products */,
			);
			sourceTree = "<group>";
		};
		5408D6AA2154C6820050CEE9 /* Products */ = {
			isa = PBXGroup;
			children = (
				5408D6A92154C6820050CEE9 /* libCheese2d.dylib */,
				542D793F2154CEE5000B1D1A /* Tests.xctest */,
			);
			name = Products;
			sourceTree = "<group>";
		};
		5408D6AB2154C6820050CEE9 /* Cheese2d */ = {
			isa = PBXGroup;
			children = (
				542D79102154CDD6000B1D1A /* Code */,
				5408D6AC2154C6820050CEE9 /* Cheese2d.h */,
				5408D6AE2154C6820050CEE9 /* Cheese2d.m */,
			);
			path = Cheese2d;
			sourceTree = "<group>";
		};
		542D79102154CDD6000B1D1A /* Code */ = {
			isa = PBXGroup;
			children = (
				542D79112154CDD6000B1D1A /* Math */,
				542D79162154CDD6000B1D1A /* Intersection */,
				542D79182154CDD6000B1D1A /* Struct */,
			);
			path = Code;
			sourceTree = "<group>";
		};
		542D79112154CDD6000B1D1A /* Math */ = {
			isa = PBXGroup;
			children = (
				542D79122154CDD6000B1D1A /* Array.swift */,
				542D79132154CDD6000B1D1A /* Vector2.swift */,
				542D79142154CDD6000B1D1A /* LineUtil.swift */,
				542D79152154CDD6000B1D1A /* CGPoint+extension.swift */,
			);
			path = Math;
			sourceTree = "<group>";
		};
		542D79162154CDD6000B1D1A /* Intersection */ = {
			isa = PBXGroup;
			children = (
				542D79172154CDD6000B1D1A /* Intersector.swift */,
			);
			path = Intersection;
			sourceTree = "<group>";
		};
		542D79182154CDD6000B1D1A /* Struct */ = {
			isa = PBXGroup;
			children = (
				542D79192154CDD6000B1D1A /* OrdedNumbers.swift */,
				542D791A2154CDD6000B1D1A /* AdjacencyMatrix.swift */,
				542D791B2154CDD6000B1D1A /* ForA */,
				542D79252154CDD6000B1D1A /* BoxArea.swift */,
			);
			path = Struct;
			sourceTree = "<group>";
		};
		542D791B2154CDD6000B1D1A /* ForA */ = {
			isa = PBXGroup;
			children = (
				542D791C2154CDD6000B1D1A /* Tests */,
				542D791F2154CDD6000B1D1A /* ForA */,
				542D79222154CDD6000B1D1A /* ForA.xcodeproj */,
			);
			path = ForA;
			sourceTree = "<group>";
		};
		542D791C2154CDD6000B1D1A /* Tests */ = {
			isa = PBXGroup;
			children = (
				542D791D2154CDD6000B1D1A /* Tests.swift */,
				542D791E2154CDD6000B1D1A /* Info.plist */,
			);
			path = Tests;
			sourceTree = "<group>";
		};
		542D791F2154CDD6000B1D1A /* ForA */ = {
			isa = PBXGroup;
			children = (
				542D79202154CDD6000B1D1A /* ForA.m */,
				542D79212154CDD6000B1D1A /* ForA.h */,
			);
			path = ForA;
			sourceTree = "<group>";
		};
		542D79232154CDD6000B1D1A /* Products */ = {
			isa = PBXGroup;
			children = (
				542D79292154CDD6000B1D1A /* libForA.dylib */,
				542D792B2154CDD6000B1D1A /* Tests.xctest */,
			);
			name = Products;
			sourceTree = "<group>";
		};
		542D79402154CEE5000B1D1A /* Tests */ = {
			isa = PBXGroup;
			children = (
				542D79412154CEE5000B1D1A /* Tests.swift */,
				542D79432154CEE5000B1D1A /* Info.plist */,
			);
			path = Tests;
			sourceTree = "<group>";
		};
/* End PBXGroup section */

/* Begin PBXHeadersBuildPhase section */
		5408D6A72154C6820050CEE9 /* Headers */ = {
			isa = PBXHeadersBuildPhase;
			buildActionMask = 2147483647;
			files = (
				542D79352154CDD6000B1D1A /* ForA.h in Headers */,
				5408D6AD2154C6820050CEE9 /* Cheese2d.h in Headers */,
			);
			runOnlyForDeploymentPostprocessing = 0;
		};
/* End PBXHeadersBuildPhase section */

/* Begin PBXNativeTarget section */
		5408D6A82154C6820050CEE9 /* Cheese2d */ = {
			isa = PBXNativeTarget;
			buildConfigurationList = 5408D6B22154C6820050CEE9 /* Build configuration list for PBXNativeTarget "Cheese2d" */;
			buildPhases = (
				5408D6A52154C6820050CEE9 /* Sources */,
				5408D6A62154C6820050CEE9 /* Frameworks */,
				5408D6A72154C6820050CEE9 /* Headers */,
			);
			buildRules = (
			);
			dependencies = (
			);
			name = Cheese2d;
			productName = Cheese2d;
			productReference = 5408D6A92154C6820050CEE9 /* libCheese2d.dylib */;
			productType = "com.apple.product-type.library.dynamic";
		};
		542D793E2154CEE5000B1D1A /* Tests */ = {
			isa = PBXNativeTarget;
			buildConfigurationList = 542D79472154CEE5000B1D1A /* Build configuration list for PBXNativeTarget "Tests" */;
			buildPhases = (
				542D793B2154CEE5000B1D1A /* Sources */,
				542D793C2154CEE5000B1D1A /* Frameworks */,
				542D793D2154CEE5000B1D1A /* Resources */,
			);
			buildRules = (
			);
			dependencies = (
				542D79462154CEE5000B1D1A /* PBXTargetDependency */,
			);
			name = Tests;
			productName = Tests;
			productReference = 542D793F2154CEE5000B1D1A /* Tests.xctest */;
			productType = "com.apple.product-type.bundle.unit-test";
		};
/* End PBXNativeTarget section */

/* Begin PBXProject section */
		5408D6A12154C6820050CEE9 /* Project object */ = {
			isa = PBXProject;
			attributes = {
				LastSwiftUpdateCheck = 0940;
				LastUpgradeCheck = 0940;
				ORGANIZATIONNAME = "Nail Sharipov";
				TargetAttributes = {
					5408D6A82154C6820050CEE9 = {
						CreatedOnToolsVersion = 9.4.1;
					};
					542D793E2154CEE5000B1D1A = {
						CreatedOnToolsVersion = 9.4.1;
					};
				};
			};
			buildConfigurationList = 5408D6A42154C6820050CEE9 /* Build configuration list for PBXProject "Cheese2d" */;
			compatibilityVersion = "Xcode 9.3";
			developmentRegion = en;
			hasScannedForEncodings = 0;
			knownRegions = (
				en,
			);
			mainGroup = 5408D6A02154C6820050CEE9;
			productRefGroup = 5408D6AA2154C6820050CEE9 /* Products */;
			projectDirPath = "";
			projectReferences = (
				{
					ProductGroup = 542D79232154CDD6000B1D1A /* Products */;
					ProjectRef = 542D79222154CDD6000B1D1A /* ForA.xcodeproj */;
				},
			);
			projectRoot = "";
			targets = (
				5408D6A82154C6820050CEE9 /* Cheese2d */,
				542D793E2154CEE5000B1D1A /* Tests */,
			);
		};
/* End PBXProject section */

/* Begin PBXReferenceProxy section */
		542D79292154CDD6000B1D1A /* libForA.dylib */ = {
			isa = PBXReferenceProxy;
			fileType = "compiled.mach-o.dylib";
			path = libForA.dylib;
			remoteRef = 542D79282154CDD6000B1D1A /* PBXContainerItemProxy */;
			sourceTree = BUILT_PRODUCTS_DIR;
		};
		542D792B2154CDD6000B1D1A /* Tests.xctest */ = {
			isa = PBXReferenceProxy;
			fileType = wrapper.cfbundle;
			path = Tests.xctest;
			remoteRef = 542D792A2154CDD6000B1D1A /* PBXContainerItemProxy */;
			sourceTree = BUILT_PRODUCTS_DIR;
		};
/* End PBXReferenceProxy section */

/* Begin PBXResourcesBuildPhase section */
		542D793D2154CEE5000B1D1A /* Resources */ = {
			isa = PBXResourcesBuildPhase;
			buildActionMask = 2147483647;
			files = (
			);
			runOnlyForDeploymentPostprocessing = 0;
		};
/* End PBXResourcesBuildPhase section */

/* Begin PBXSourcesBuildPhase section */
		5408D6A52154C6820050CEE9 /* Sources */ = {
			isa = PBXSourcesBuildPhase;
			buildActionMask = 2147483647;
			files = (
				5408D6AF2154C6820050CEE9 /* Cheese2d.m in Sources */,
				542D79362154CDD6000B1D1A /* BoxArea.swift in Sources */,
				542D792F2154CDD6000B1D1A /* CGPoint+extension.swift in Sources */,
				542D79302154CDD6000B1D1A /* Intersector.swift in Sources */,
				542D792D2154CDD6000B1D1A /* Vector2.swift in Sources */,
				542D79342154CDD6000B1D1A /* ForA.m in Sources */,
				542D792C2154CDD6000B1D1A /* Array.swift in Sources */,
				542D792E2154CDD6000B1D1A /* LineUtil.swift in Sources */,
				542D79312154CDD6000B1D1A /* OrdedNumbers.swift in Sources */,
				542D79322154CDD6000B1D1A /* AdjacencyMatrix.swift in Sources */,
			);
			runOnlyForDeploymentPostprocessing = 0;
		};
		542D793B2154CEE5000B1D1A /* Sources */ = {
			isa = PBXSourcesBuildPhase;
			buildActionMask = 2147483647;
			files = (
				542D79422154CEE5000B1D1A /* Tests.swift in Sources */,
			);
			runOnlyForDeploymentPostprocessing = 0;
		};
/* End PBXSourcesBuildPhase section */

/* Begin PBXTargetDependency section */
		542D79462154CEE5000B1D1A /* PBXTargetDependency */ = {
			isa = PBXTargetDependency;
			target = 5408D6A82154C6820050CEE9 /* Cheese2d */;
			targetProxy = 542D79452154CEE5000B1D1A /* PBXContainerItemProxy */;
		};
/* End PBXTargetDependency section */

/* Begin XCBuildConfiguration section */
		5408D6B02154C6820050CEE9 /* Debug */ = {
			isa = XCBuildConfiguration;
			buildSettings = {
				ALWAYS_SEARCH_USER_PATHS = NO;
				CLANG_ANALYZER_NONNULL = YES;
				CLANG_ANALYZER_NUMBER_OBJECT_CONVERSION = YES_AGGRESSIVE;
				CLANG_CXX_LANGUAGE_STANDARD = "gnu++14";
				CLANG_CXX_LIBRARY = "libc++";
				CLANG_ENABLE_MODULES = YES;
				CLANG_ENABLE_OBJC_ARC = YES;
				CLANG_ENABLE_OBJC_WEAK = YES;
				CLANG_WARN_BLOCK_CAPTURE_AUTORELEASING = YES;
				CLANG_WARN_BOOL_CONVERSION = YES;
				CLANG_WARN_COMMA = YES;
				CLANG_WARN_CONSTANT_CONVERSION = YES;
				CLANG_WARN_DEPRECATED_OBJC_IMPLEMENTATIONS = YES;
				CLANG_WARN_DIRECT_OBJC_ISA_USAGE = YES_ERROR;
				CLANG_WARN_DOCUMENTATION_COMMENTS = YES;
				CLANG_WARN_EMPTY_BODY = YES;
				CLANG_WARN_ENUM_CONVERSION = YES;
				CLANG_WARN_INFINITE_RECURSION = YES;
				CLANG_WARN_INT_CONVERSION = YES;
				CLANG_WARN_NON_LITERAL_NULL_CONVERSION = YES;
				CLANG_WARN_OBJC_IMPLICIT_RETAIN_SELF = YES;
				CLANG_WARN_OBJC_LITERAL_CONVERSION = YES;
				CLANG_WARN_OBJC_ROOT_CLASS = YES_ERROR;
				CLANG_WARN_RANGE_LOOP_ANALYSIS = YES;
				CLANG_WARN_STRICT_PROTOTYPES = YES;
				CLANG_WARN_SUSPICIOUS_MOVE = YES;
				CLANG_WARN_UNGUARDED_AVAILABILITY = YES_AGGRESSIVE;
				CLANG_WARN_UNREACHABLE_CODE = YES;
				CLANG_WARN__DUPLICATE_METHOD_MATCH = YES;
				CODE_SIGN_IDENTITY = "Mac Developer";
				COPY_PHASE_STRIP = NO;
				DEBUG_INFORMATION_FORMAT = dwarf;
				ENABLE_STRICT_OBJC_MSGSEND = YES;
				ENABLE_TESTABILITY = YES;
				GCC_C_LANGUAGE_STANDARD = gnu11;
				GCC_DYNAMIC_NO_PIC = NO;
				GCC_NO_COMMON_BLOCKS = YES;
				GCC_OPTIMIZATION_LEVEL = 0;
				GCC_PREPROCESSOR_DEFINITIONS = (
					"DEBUG=1",
					"$(inherited)",
				);
				GCC_WARN_64_TO_32_BIT_CONVERSION = YES;
				GCC_WARN_ABOUT_RETURN_TYPE = YES_ERROR;
				GCC_WARN_UNDECLARED_SELECTOR = YES;
				GCC_WARN_UNINITIALIZED_AUTOS = YES_AGGRESSIVE;
				GCC_WARN_UNUSED_FUNCTION = YES;
				GCC_WARN_UNUSED_VARIABLE = YES;
				MACOSX_DEPLOYMENT_TARGET = 10.13;
				MTL_ENABLE_DEBUG_INFO = YES;
				ONLY_ACTIVE_ARCH = YES;
				SDKROOT = macosx;
				SWIFT_VERSION = 4.0;
			};
			name = Debug;
		};
		5408D6B12154C6820050CEE9 /* Release */ = {
			isa = XCBuildConfiguration;
			buildSettings = {
				ALWAYS_SEARCH_USER_PATHS = NO;
				CLANG_ANALYZER_NONNULL = YES;
				CLANG_ANALYZER_NUMBER_OBJECT_CONVERSION = YES_AGGRESSIVE;
				CLANG_CXX_LANGUAGE_STANDARD = "gnu++14";
				CLANG_CXX_LIBRARY = "libc++";
				CLANG_ENABLE_MODULES = YES;
				CLANG_ENABLE_OBJC_ARC = YES;
				CLANG_ENABLE_OBJC_WEAK = YES;
				CLANG_WARN_BLOCK_CAPTURE_AUTORELEASING = YES;
				CLANG_WARN_BOOL_CONVERSION = YES;
				CLANG_WARN_COMMA = YES;
				CLANG_WARN_CONSTANT_CONVERSION = YES;
				CLANG_WARN_DEPRECATED_OBJC_IMPLEMENTATIONS = YES;
				CLANG_WARN_DIRECT_OBJC_ISA_USAGE = YES_ERROR;
				CLANG_WARN_DOCUMENTATION_COMMENTS = YES;
				CLANG_WARN_EMPTY_BODY = YES;
				CLANG_WARN_ENUM_CONVERSION = YES;
				CLANG_WARN_INFINITE_RECURSION = YES;
				CLANG_WARN_INT_CONVERSION = YES;
				CLANG_WARN_NON_LITERAL_NULL_CONVERSION = YES;
				CLANG_WARN_OBJC_IMPLICIT_RETAIN_SELF = YES;
				CLANG_WARN_OBJC_LITERAL_CONVERSION = YES;
				CLANG_WARN_OBJC_ROOT_CLASS = YES_ERROR;
				CLANG_WARN_RANGE_LOOP_ANALYSIS = YES;
				CLANG_WARN_STRICT_PROTOTYPES = YES;
				CLANG_WARN_SUSPICIOUS_MOVE = YES;
				CLANG_WARN_UNGUARDED_AVAILABILITY = YES_AGGRESSIVE;
				CLANG_WARN_UNREACHABLE_CODE = YES;
				CLANG_WARN__DUPLICATE_METHOD_MATCH = YES;
				CODE_SIGN_IDENTITY = "Mac Developer";
				COPY_PHASE_STRIP = NO;
				DEBUG_INFORMATION_FORMAT = "dwarf-with-dsym";
				ENABLE_NS_ASSERTIONS = NO;
				ENABLE_STRICT_OBJC_MSGSEND = YES;
				GCC_C_LANGUAGE_STANDARD = gnu11;
				GCC_NO_COMMON_BLOCKS = YES;
				GCC_WARN_64_TO_32_BIT_CONVERSION = YES;
				GCC_WARN_ABOUT_RETURN_TYPE = YES_ERROR;
				GCC_WARN_UNDECLARED_SELECTOR = YES;
				GCC_WARN_UNINITIALIZED_AUTOS = YES_AGGRESSIVE;
				GCC_WARN_UNUSED_FUNCTION = YES;
				GCC_WARN_UNUSED_VARIABLE = YES;
				MACOSX_DEPLOYMENT_TARGET = 10.13;
				MTL_ENABLE_DEBUG_INFO = NO;
				SDKROOT = macosx;
				SWIFT_VERSION = 4.0;
			};
			name = Release;
		};
		5408D6B32154C6820050CEE9 /* Debug */ = {
			isa = XCBuildConfiguration;
			buildSettings = {
				CODE_SIGN_STYLE = Automatic;
				DEVELOPMENT_TEAM = HPV9E52JPX;
				DYLIB_COMPATIBILITY_VERSION = 1;
				DYLIB_CURRENT_VERSION = 1;
				EXECUTABLE_PREFIX = lib;
				PRODUCT_NAME = "$(TARGET_NAME)";
				SKIP_INSTALL = YES;
			};
			name = Debug;
		};
		5408D6B42154C6820050CEE9 /* Release */ = {
			isa = XCBuildConfiguration;
			buildSettings = {
				CODE_SIGN_STYLE = Automatic;
				DEVELOPMENT_TEAM = HPV9E52JPX;
				DYLIB_COMPATIBILITY_VERSION = 1;
				DYLIB_CURRENT_VERSION = 1;
				EXECUTABLE_PREFIX = lib;
				PRODUCT_NAME = "$(TARGET_NAME)";
				SKIP_INSTALL = YES;
			};
			name = Release;
		};
		542D79482154CEE5000B1D1A /* Debug */ = {
			isa = XCBuildConfiguration;
			buildSettings = {
				CODE_SIGN_STYLE = Automatic;
				COMBINE_HIDPI_IMAGES = YES;
				DEVELOPMENT_TEAM = HPV9E52JPX;
				INFOPLIST_FILE = Tests/Info.plist;
				LD_RUNPATH_SEARCH_PATHS = (
					"$(inherited)",
					"@executable_path/../Frameworks",
					"@loader_path/../Frameworks",
				);
				PRODUCT_BUNDLE_IDENTIFIER = Weekteam.Tests;
				PRODUCT_NAME = "$(TARGET_NAME)";
				SWIFT_ACTIVE_COMPILATION_CONDITIONS = DEBUG;
				SWIFT_OPTIMIZATION_LEVEL = "-Onone";
				SWIFT_VERSION = 4.0;
			};
			name = Debug;
		};
		542D79492154CEE5000B1D1A /* Release */ = {
			isa = XCBuildConfiguration;
			buildSettings = {
				CODE_SIGN_STYLE = Automatic;
				COMBINE_HIDPI_IMAGES = YES;
				DEVELOPMENT_TEAM = HPV9E52JPX;
				INFOPLIST_FILE = Tests/Info.plist;
				LD_RUNPATH_SEARCH_PATHS = (
					"$(inherited)",
					"@executable_path/../Frameworks",
					"@loader_path/../Frameworks",
				);
				PRODUCT_BUNDLE_IDENTIFIER = Weekteam.Tests;
				PRODUCT_NAME = "$(TARGET_NAME)";
				SWIFT_COMPILATION_MODE = wholemodule;
				SWIFT_OPTIMIZATION_LEVEL = "-O";
				SWIFT_VERSION = 4.0;
			};
			name = Release;
		};
/* End XCBuildConfiguration section */

/* Begin XCConfigurationList section */
		5408D6A42154C6820050CEE9 /* Build configuration list for PBXProject "Cheese2d" */ = {
			isa = XCConfigurationList;
			buildConfigurations = (
				5408D6B02154C6820050CEE9 /* Debug */,
				5408D6B12154C6820050CEE9 /* Release */,
			);
			defaultConfigurationIsVisible = 0;
			defaultConfigurationName = Release;
		};
		5408D6B22154C6820050CEE9 /* Build configuration list for PBXNativeTarget "Cheese2d" */ = {
			isa = XCConfigurationList;
			buildConfigurations = (
				5408D6B32154C6820050CEE9 /* Debug */,
				5408D6B42154C6820050CEE9 /* Release */,
			);
			defaultConfigurationIsVisible = 0;
			defaultConfigurationName = Release;
		};
		542D79472154CEE5000B1D1A /* Build configuration list for PBXNativeTarget "Tests" */ = {
			isa = XCConfigurationList;
			buildConfigurations = (
				542D79482154CEE5000B1D1A /* Debug */,
				542D79492154CEE5000B1D1A /* Release */,
			);
			defaultConfigurationIsVisible = 0;
			defaultConfigurationName = Release;
		};
/* End XCConfigurationList section */
	};
	rootObject = 5408D6A12154C6820050CEE9 /* Project object */;
}
